
Microsoft Visual Studio Solution File, Format Version 12.00
# Visual Studio 15
Project("{FAE04EC0-301F-11D3-BF4B-00C04F79EFBC}") = "Unity.Timeline", "Unity.Timeline.csproj", "{47C250B9-2210-4F96-1D5E-DCA05BB9968D}"
EndProject
Project("{FAE04EC0-301F-11D3-BF4B-00C04F79EFBC}") = "Unity.Timeline.Editor", "Unity.Timeline.Editor.csproj", "{62AF7260-3A65-1D76-4FE7-DC14A005DC21}"
EndProject
Project("{FAE04EC0-301F-11D3-BF4B-00C04F79EFBC}") = "Unity.2D.Tilemap.Editor", "Unity.2D.Tilemap.Editor.csproj", "{AFAECDC2-4B91-2004-9834-79194B1B758B}"
EndProject
Project("{FAE04EC0-301F-11D3-BF4B-00C04F79EFBC}") = "Unity.TextMeshPro.Editor", "Unity.TextMeshPro.Editor.csproj", "{940B8E20-6272-6599-FA41-4FBF9ED8828C}"
EndProject
Project("{FAE04EC0-301F-11D3-BF4B-00C04F79EFBC}") = "Unity.2D.Aseprite.Editor", "Unity.2D.Aseprite.Editor.csproj", "{8F6BD6D7-2D51-4EC8-A62D-614233355443}"
EndProject
Project("{FAE04EC0-301F-11D3-BF4B-00C04F79EFBC}") = "Unity.VisualScripting.Flow", "Unity.VisualScripting.Flow.csproj", "{BAD68EA9-3EEF-AAA4-5B65-854B23E0A618}"
EndProject
Project("{FAE04EC0-301F-11D3-BF4B-00C04F79EFBC}") = "UnityEditor.UI", "UnityEditor.UI.csproj", "{B735C0C6-33D4-51A5-0470-10BA58D16F69}"
EndProject
Project("{FAE04EC0-301F-11D3-BF4B-00C04F79EFBC}") = "Unity.PlasticSCM.Editor", "Unity.PlasticSCM.Editor.csproj", "{3C9FF08C-7080-A5A1-72DB-AB9E44E2FC62}"
EndProject
Project("{FAE04EC0-301F-11D3-BF4B-00C04F79EFBC}") = "Unity.2D.Psdimporter.Editor", "Unity.2D.Psdimporter.Editor.csproj", "{D4FB02DF-38D5-1820-66F1-F4ABD0EB4CAE}"
EndProject
Project("{FAE04EC0-301F-11D3-BF4B-00C04F79EFBC}") = "Unity.VisualScripting.Core", "Unity.VisualScripting.Core.csproj", "{C18949F0-65A6-0D4D-9FBF-9E16B3EBF851}"
EndProject
Project("{FAE04EC0-301F-11D3-BF4B-00C04F79EFBC}") = "Unity.Mathematics", "Unity.Mathematics.csproj", "{D8440E5C-96DF-5FC6-3B71-EC351AD48CFC}"
EndProject
Project("{FAE04EC0-301F-11D3-BF4B-00C04F79EFBC}") = "Unity.2D.Animation.Editor", "Unity.2D.Animation.Editor.csproj", "{24205C8C-52F3-4872-7B7A-D2F798D84995}"
EndProject
Project("{FAE04EC0-301F-11D3-BF4B-00C04F79EFBC}") = "Unity.2D.Common.Path.Editor", "Unity.2D.Common.Path.Editor.csproj", "{7938682F-D448-6D6F-C47A-B1150CDEB58B}"
EndProject
Project("{FAE04EC0-301F-11D3-BF4B-00C04F79EFBC}") = "Unity.VisualScripting.Core.Editor", "Unity.VisualScripting.Core.Editor.csproj", "{58DFE0C9-0DA9-C7E5-31DF-43EA581E0ABE}"
EndProject
Project("{FAE04EC0-301F-11D3-BF4B-00C04F79EFBC}") = "Unity.2D.IK.Runtime", "Unity.2D.IK.Runtime.csproj", "{32CDED98-E095-3AA7-F57C-605E12BB62B6}"
EndProject
Project("{FAE04EC0-301F-11D3-BF4B-00C04F79EFBC}") = "Unity.VisualScripting.Flow.Editor", "Unity.VisualScripting.Flow.Editor.csproj", "{D42D358D-6AD9-B71F-D9C5-AF2303AD16B6}"
EndProject
Project("{FAE04EC0-301F-11D3-BF4B-00C04F79EFBC}") = "UnityEditor.TestRunner", "UnityEditor.TestRunner.csproj", "{D8614FFE-D3E9-57BD-5133-27F7C8CC8051}"
EndProject
Project("{FAE04EC0-301F-11D3-BF4B-00C04F79EFBC}") = "Unity.VisualScripting.SettingsProvider.Editor", "Unity.VisualScripting.SettingsProvider.Editor.csproj", "{E966D161-0372-EA9B-72AD-8646CD206315}"
EndProject
Project("{FAE04EC0-301F-11D3-BF4B-00C04F79EFBC}") = "UnityEngine.TestRunner", "UnityEngine.TestRunner.csproj", "{4B5DD406-22E8-E7E6-BD40-6E41E0F0BE8C}"
EndProject
Project("{FAE04EC0-301F-11D3-BF4B-00C04F79EFBC}") = "PsdPlugin", "PsdPlugin.csproj", "{A36A20EB-05C6-7CC9-420E-8E1125475CA4}"
EndProject
Project("{FAE04EC0-301F-11D3-BF4B-00C04F79EFBC}") = "Unity.Burst", "Unity.Burst.csproj", "{5369424C-E986-DA70-954C-0231B5FCE1E0}"
EndProject
Project("{FAE04EC0-301F-11D3-BF4B-00C04F79EFBC}") = "UnityEngine.UI", "UnityEngine.UI.csproj", "{6D30437C-356D-43AC-D218-0EC8F9DCCBDB}"
EndProject
Project("{FAE04EC0-301F-11D3-BF4B-00C04F79EFBC}") = "Unity.2D.SpriteShape.Editor", "Unity.2D.SpriteShape.Editor.csproj", "{FAA1D653-38A4-C257-BB40-1F20AD9E05BA}"
EndProject
Project("{FAE04EC0-301F-11D3-BF4B-00C04F79EFBC}") = "Unity.Collections", "Unity.Collections.csproj", "{62DEA17C-C855-3452-DBA0-F9ED41A33268}"
EndProject
Project("{FAE04EC0-301F-11D3-BF4B-00C04F79EFBC}") = "Unity.VisualStudio.Editor", "Unity.VisualStudio.Editor.csproj", "{45BCC3ED-09F3-52F9-42BF-AC289404BBE9}"
EndProject
Project("{FAE04EC0-301F-11D3-BF4B-00C04F79EFBC}") = "Unity.2D.Tilemap.Extras.Editor", "Unity.2D.Tilemap.Extras.Editor.csproj", "{EDA10D1F-E4B5-C34C-77A8-4749B3E0DBE8}"
EndProject
Project("{FAE04EC0-301F-11D3-BF4B-00C04F79EFBC}") = "Unity.Rider.Editor", "Unity.Rider.Editor.csproj", "{30D33994-787E-3F1B-43C7-EF04A2D59A8B}"
EndProject
Project("{FAE04EC0-301F-11D3-BF4B-00C04F79EFBC}") = "Unity.InternalAPIEditorBridge.001", "Unity.InternalAPIEditorBridge.001.csproj", "{D10B0EDA-407E-4BB6-05E7-6654A8282B5A}"
EndProject
Project("{FAE04EC0-301F-11D3-BF4B-00C04F79EFBC}") = "Unity.2D.SpriteShape.Runtime", "Unity.2D.SpriteShape.Runtime.csproj", "{46549AD5-364F-EF25-2B05-074C0E2200E1}"
EndProject
Project("{FAE04EC0-301F-11D3-BF4B-00C04F79EFBC}") = "Unity.VisualScripting.State.Editor", "Unity.VisualScripting.State.Editor.csproj", "{8E05CC27-2F64-80AB-DB34-4B01B06B87EA}"
EndProject
Project("{FAE04EC0-301F-11D3-BF4B-00C04F79EFBC}") = "Unity.2D.Animation.Runtime", "Unity.2D.Animation.Runtime.csproj", "{1AAA20EB-8817-9594-D865-BBCA39AC5CE3}"
EndProject
Project("{FAE04EC0-301F-11D3-BF4B-00C04F79EFBC}") = "Unity.Burst.CodeGen", "Unity.Burst.CodeGen.csproj", "{5E45F86B-3E29-E282-6338-E50F24BEA00A}"
EndProject
Project("{FAE04EC0-301F-11D3-BF4B-00C04F79EFBC}") = "Unity.2D.Tilemap.Extras", "Unity.2D.Tilemap.Extras.csproj", "{CF085095-C1EF-8274-D72B-B2C152F35EED}"
EndProject
Project("{FAE04EC0-301F-11D3-BF4B-00C04F79EFBC}") = "Unity.VisualScripting.State", "Unity.VisualScripting.State.csproj", "{045EA182-A5F3-9E88-E056-6B2E456A7962}"
EndProject
Project("{FAE04EC0-301F-11D3-BF4B-00C04F79EFBC}") = "Unity.TextMeshPro", "Unity.TextMeshPro.csproj", "{B33CB6A3-539E-9514-4D3F-F5B16B33C022}"
EndProject
Project("{FAE04EC0-301F-11D3-BF4B-00C04F79EFBC}") = "Unity.2D.Aseprite.Common", "Unity.2D.Aseprite.Common.csproj", "{CE3B3765-9A15-2A2D-3681-0853DB161944}"
EndProject
Project("{FAE04EC0-301F-11D3-BF4B-00C04F79EFBC}") = "Unity.2D.IK.Editor", "Unity.2D.IK.Editor.csproj", "{5201F675-E228-86BA-0A95-117BD1C0C0F4}"
EndProject
Project("{FAE04EC0-301F-11D3-BF4B-00C04F79EFBC}") = "Unity.InternalAPIEngineBridge.001", "Unity.InternalAPIEngineBridge.001.csproj", "{57803967-7527-1977-3153-2EDA44E76576}"
EndProject
Project("{FAE04EC0-301F-11D3-BF4B-00C04F79EFBC}") = "Unity.Burst.Editor", "Unity.Burst.Editor.csproj", "{4B0CAD50-893A-7FED-AC0C-BEF106BBD9C7}"
EndProject
Project("{FAE04EC0-301F-11D3-BF4B-00C04F79EFBC}") = "Unity.2D.Common.Editor", "Unity.2D.Common.Editor.csproj", "{856103CE-CA6E-5933-5508-A4A9EB2DD9EF}"
EndProject
Project("{FAE04EC0-301F-11D3-BF4B-00C04F79EFBC}") = "Unity.2D.Sprite.Editor", "Unity.2D.Sprite.Editor.csproj", "{13826C9C-7F18-8F96-36E9-3B987B5A2A9D}"
EndProject
Project("{FAE04EC0-301F-11D3-BF4B-00C04F79EFBC}") = "Unity.2D.PixelPerfect", "Unity.2D.PixelPerfect.csproj", "{9FDCD928-2FD3-3AA2-9D8F-893BD4EC3A59}"
EndProject
Project("{FAE04EC0-301F-11D3-BF4B-00C04F79EFBC}") = "Unity.2D.PixelPerfect.Editor", "Unity.2D.PixelPerfect.Editor.csproj", "{DCC78B4C-C993-EF90-2703-D8D01D80B949}"
EndProject
Project("{FAE04EC0-301F-11D3-BF4B-00C04F79EFBC}") = "Unity.2D.Common.Runtime", "Unity.2D.Common.Runtime.csproj", "{04C50510-48E8-E973-E91F-2768E1149A8F}"
EndProject
Project("{FAE04EC0-301F-11D3-BF4B-00C04F79EFBC}") = "Unity.Mathematics.Editor", "Unity.Mathematics.Editor.csproj", "{12DDFF7A-0108-FFFD-0318-72AF4606A6E8}"
EndProject
Project("{FAE04EC0-301F-11D3-BF4B-00C04F79EFBC}") = "Assembly-CSharp", "Assembly-CSharp.csproj", "{4B99C3E6-F2ED-742C-66CE-272189373D59}"
EndProject
Project("{FAE04EC0-301F-11D3-BF4B-00C04F79EFBC}") = "Unity.Collections.BurstCompatibilityGen", "Unity.Collections.BurstCompatibilityGen.csproj", "{482F2F76-DFD6-4AC2-75F4-C16102F5E245}"
EndProject
Project("{FAE04EC0-301F-11D3-BF4B-00C04F79EFBC}") = "Unity.VisualScripting.Shared.Editor", "Unity.VisualScripting.Shared.Editor.csproj", "{A5FC6EFB-90BB-D558-D4ED-9E1FEF658F1B}"
EndProject
Project("{FAE04EC0-301F-11D3-BF4B-00C04F79EFBC}") = "Unity.Collections.DocCodeSamples", "Unity.Collections.DocCodeSamples.csproj", "{B2B00A12-0184-AAE7-5197-4610BEDB0EA5}"
EndProject
Project("{FAE04EC0-301F-11D3-BF4B-00C04F79EFBC}") = "Unity.CollabProxy.Editor", "Unity.CollabProxy.Editor.csproj", "{5A71FDEA-9928-9338-D276-9F40048B56DE}"
EndProject
Project("{FAE04EC0-301F-11D3-BF4B-00C04F79EFBC}") = "Unity.Timeline", "Unity.Timeline.Player.csproj", "{8F7EDD80-958C-3E92-CB2B-6C76110B44BD}"
EndProject
Project("{FAE04EC0-301F-11D3-BF4B-00C04F79EFBC}") = "Unity.VisualScripting.Flow", "Unity.VisualScripting.Flow.Player.csproj", "{E4819F6D-AEC3-7280-A4BC-64041C3A8BF4}"
EndProject
Project("{FAE04EC0-301F-11D3-BF4B-00C04F79EFBC}") = "Unity.VisualScripting.Core", "Unity.VisualScripting.Core.Player.csproj", "{1E410C3B-15EC-9EB3-C693-37552E5681A9}"
EndProject
Project("{FAE04EC0-301F-11D3-BF4B-00C04F79EFBC}") = "Unity.Mathematics", "Unity.Mathematics.Player.csproj", "{EDF7458D-B2D6-578C-F97A-09847DEAFE84}"
EndProject
Project("{FAE04EC0-301F-11D3-BF4B-00C04F79EFBC}") = "Unity.2D.IK.Runtime", "Unity.2D.IK.Runtime.Player.csproj", "{240990E8-224E-D1CD-0682-A1F5A4AF71CA}"
EndProject
Project("{FAE04EC0-301F-11D3-BF4B-00C04F79EFBC}") = "UnityEngine.TestRunner", "UnityEngine.TestRunner.Player.csproj", "{2B42C5D2-8C6A-BFDB-D2EE-571656316F7E}"
EndProject
Project("{FAE04EC0-301F-11D3-BF4B-00C04F79EFBC}") = "Unity.Burst", "Unity.Burst.Player.csproj", "{D7556A4B-FD58-F98A-AB77-EF22294EA922}"
EndProject
Project("{FAE04EC0-301F-11D3-BF4B-00C04F79EFBC}") = "UnityEngine.UI", "UnityEngine.UI.Player.csproj", "{4FD2894D-C2D1-5E17-77A9-284B3A89932E}"
EndProject
Project("{FAE04EC0-301F-11D3-BF4B-00C04F79EFBC}") = "Unity.Collections", "Unity.Collections.Player.csproj", "{A1145755-6447-C947-AAD1-E64F7405471F}"
EndProject
Project("{FAE04EC0-301F-11D3-BF4B-00C04F79EFBC}") = "Unity.2D.SpriteShape.Runtime", "Unity.2D.SpriteShape.Runtime.Player.csproj", "{295F80F3-09A4-A0DD-9403-B06411A0F8E5}"
EndProject
Project("{FAE04EC0-301F-11D3-BF4B-00C04F79EFBC}") = "Unity.2D.Animation.Runtime", "Unity.2D.Animation.Runtime.Player.csproj", "{E46656B3-B44B-5BB8-EBE4-6A47CBDE3048}"
EndProject
Project("{FAE04EC0-301F-11D3-BF4B-00C04F79EFBC}") = "Unity.2D.Tilemap.Extras", "Unity.2D.Tilemap.Extras.Player.csproj", "{B78ABAD9-8721-B956-2BCA-47F5741650AD}"
EndProject
Project("{FAE04EC0-301F-11D3-BF4B-00C04F79EFBC}") = "Unity.VisualScripting.State", "Unity.VisualScripting.State.Player.csproj", "{C8AEC3AF-0D68-50AC-68AA-ED0ACB087104}"
EndProject
Project("{FAE04EC0-301F-11D3-BF4B-00C04F79EFBC}") = "Unity.TextMeshPro", "Unity.TextMeshPro.Player.csproj", "{49D56B26-B075-9D50-4984-5513460BAB87}"
EndProject
Project("{FAE04EC0-301F-11D3-BF4B-00C04F79EFBC}") = "Unity.InternalAPIEngineBridge.001", "Unity.InternalAPIEngineBridge.001.Player.csproj", "{CDFDC414-CB85-6051-7875-CCB94BFE8F85}"
EndProject
Project("{FAE04EC0-301F-11D3-BF4B-00C04F79EFBC}") = "Unity.2D.PixelPerfect", "Unity.2D.PixelPerfect.Player.csproj", "{3482C055-5E36-E3C4-FB7B-F74249D1F436}"
EndProject
Project("{FAE04EC0-301F-11D3-BF4B-00C04F79EFBC}") = "Unity.2D.Common.Runtime", "Unity.2D.Common.Runtime.Player.csproj", "{A5D7261F-9197-1437-8B42-5323D971A6C1}"
EndProject
Project("{FAE04EC0-301F-11D3-BF4B-00C04F79EFBC}") = "Assembly-CSharp", "Assembly-CSharp.Player.csproj", "{8EE0866D-AD7A-2758-C096-0FDA1D7B2F6A}"
EndProject
Global
	GlobalSection(SolutionConfigurationPlatforms) = preSolution
		Debug|Any CPU = Debug|Any CPU
		Release|Any CPU = Release|Any CPU
	EndGlobalSection
	GlobalSection(ProjectConfigurationPlatforms) = postSolution
		{47C250B9-2210-4F96-1D5E-DCA05BB9968D}.Debug|Any CPU.ActiveCfg = Debug|Any CPU
		{47C250B9-2210-4F96-1D5E-DCA05BB9968D}.Debug|Any CPU.Build.0 = Debug|Any CPU
		{47C250B9-2210-4F96-1D5E-DCA05BB9968D}.Release|Any CPU.ActiveCfg = Release|Any CPU
		{47C250B9-2210-4F96-1D5E-DCA05BB9968D}.Release|Any CPU.Build.0 = Release|Any CPU
		{62AF7260-3A65-1D76-4FE7-DC14A005DC21}.Debug|Any CPU.ActiveCfg = Debug|Any CPU
		{62AF7260-3A65-1D76-4FE7-DC14A005DC21}.Debug|Any CPU.Build.0 = Debug|Any CPU
		{62AF7260-3A65-1D76-4FE7-DC14A005DC21}.Release|Any CPU.ActiveCfg = Release|Any CPU
		{62AF7260-3A65-1D76-4FE7-DC14A005DC21}.Release|Any CPU.Build.0 = Release|Any CPU
		{AFAECDC2-4B91-2004-9834-79194B1B758B}.Debug|Any CPU.ActiveCfg = Debug|Any CPU
		{AFAECDC2-4B91-2004-9834-79194B1B758B}.Debug|Any CPU.Build.0 = Debug|Any CPU
		{AFAECDC2-4B91-2004-9834-79194B1B758B}.Release|Any CPU.ActiveCfg = Release|Any CPU
		{AFAECDC2-4B91-2004-9834-79194B1B758B}.Release|Any CPU.Build.0 = Release|Any CPU
		{940B8E20-6272-6599-FA41-4FBF9ED8828C}.Debug|Any CPU.ActiveCfg = Debug|Any CPU
		{940B8E20-6272-6599-FA41-4FBF9ED8828C}.Debug|Any CPU.Build.0 = Debug|Any CPU
		{940B8E20-6272-6599-FA41-4FBF9ED8828C}.Release|Any CPU.ActiveCfg = Release|Any CPU
		{940B8E20-6272-6599-FA41-4FBF9ED8828C}.Release|Any CPU.Build.0 = Release|Any CPU
		{8F6BD6D7-2D51-4EC8-A62D-614233355443}.Debug|Any CPU.ActiveCfg = Debug|Any CPU
		{8F6BD6D7-2D51-4EC8-A62D-614233355443}.Debug|Any CPU.Build.0 = Debug|Any CPU
		{8F6BD6D7-2D51-4EC8-A62D-614233355443}.Release|Any CPU.ActiveCfg = Release|Any CPU
		{8F6BD6D7-2D51-4EC8-A62D-614233355443}.Release|Any CPU.Build.0 = Release|Any CPU
		{BAD68EA9-3EEF-AAA4-5B65-854B23E0A618}.Debug|Any CPU.ActiveCfg = Debug|Any CPU
		{BAD68EA9-3EEF-AAA4-5B65-854B23E0A618}.Debug|Any CPU.Build.0 = Debug|Any CPU
		{BAD68EA9-3EEF-AAA4-5B65-854B23E0A618}.Release|Any CPU.ActiveCfg = Release|Any CPU
		{BAD68EA9-3EEF-AAA4-5B65-854B23E0A618}.Release|Any CPU.Build.0 = Release|Any CPU
		{B735C0C6-33D4-51A5-0470-10BA58D16F69}.Debug|Any CPU.ActiveCfg = Debug|Any CPU
		{B735C0C6-33D4-51A5-0470-10BA58D16F69}.Debug|Any CPU.Build.0 = Debug|Any CPU
		{B735C0C6-33D4-51A5-0470-10BA58D16F69}.Release|Any CPU.ActiveCfg = Release|Any CPU
		{B735C0C6-33D4-51A5-0470-10BA58D16F69}.Release|Any CPU.Build.0 = Release|Any CPU
		{3C9FF08C-7080-A5A1-72DB-AB9E44E2FC62}.Debug|Any CPU.ActiveCfg = Debug|Any CPU
		{3C9FF08C-7080-A5A1-72DB-AB9E44E2FC62}.Debug|Any CPU.Build.0 = Debug|Any CPU
		{3C9FF08C-7080-A5A1-72DB-AB9E44E2FC62}.Release|Any CPU.ActiveCfg = Release|Any CPU
		{3C9FF08C-7080-A5A1-72DB-AB9E44E2FC62}.Release|Any CPU.Build.0 = Release|Any CPU
		{D4FB02DF-38D5-1820-66F1-F4ABD0EB4CAE}.Debug|Any CPU.ActiveCfg = Debug|Any CPU
		{D4FB02DF-38D5-1820-66F1-F4ABD0EB4CAE}.Debug|Any CPU.Build.0 = Debug|Any CPU
		{D4FB02DF-38D5-1820-66F1-F4ABD0EB4CAE}.Release|Any CPU.ActiveCfg = Release|Any CPU
		{D4FB02DF-38D5-1820-66F1-F4ABD0EB4CAE}.Release|Any CPU.Build.0 = Release|Any CPU
		{C18949F0-65A6-0D4D-9FBF-9E16B3EBF851}.Debug|Any CPU.ActiveCfg = Debug|Any CPU
		{C18949F0-65A6-0D4D-9FBF-9E16B3EBF851}.Debug|Any CPU.Build.0 = Debug|Any CPU
		{C18949F0-65A6-0D4D-9FBF-9E16B3EBF851}.Release|Any CPU.ActiveCfg = Release|Any CPU
		{C18949F0-65A6-0D4D-9FBF-9E16B3EBF851}.Release|Any CPU.Build.0 = Release|Any CPU
		{D8440E5C-96DF-5FC6-3B71-EC351AD48CFC}.Debug|Any CPU.ActiveCfg = Debug|Any CPU
		{D8440E5C-96DF-5FC6-3B71-EC351AD48CFC}.Debug|Any CPU.Build.0 = Debug|Any CPU
		{D8440E5C-96DF-5FC6-3B71-EC351AD48CFC}.Release|Any CPU.ActiveCfg = Release|Any CPU
		{D8440E5C-96DF-5FC6-3B71-EC351AD48CFC}.Release|Any CPU.Build.0 = Release|Any CPU
		{24205C8C-52F3-4872-7B7A-D2F798D84995}.Debug|Any CPU.ActiveCfg = Debug|Any CPU
		{24205C8C-52F3-4872-7B7A-D2F798D84995}.Debug|Any CPU.Build.0 = Debug|Any CPU
		{24205C8C-52F3-4872-7B7A-D2F798D84995}.Release|Any CPU.ActiveCfg = Release|Any CPU
		{24205C8C-52F3-4872-7B7A-D2F798D84995}.Release|Any CPU.Build.0 = Release|Any CPU
		{7938682F-D448-6D6F-C47A-B1150CDEB58B}.Debug|Any CPU.ActiveCfg = Debug|Any CPU
		{7938682F-D448-6D6F-C47A-B1150CDEB58B}.Debug|Any CPU.Build.0 = Debug|Any CPU
		{7938682F-D448-6D6F-C47A-B1150CDEB58B}.Release|Any CPU.ActiveCfg = Release|Any CPU
		{7938682F-D448-6D6F-C47A-B1150CDEB58B}.Release|Any CPU.Build.0 = Release|Any CPU
		{58DFE0C9-0DA9-C7E5-31DF-43EA581E0ABE}.Debug|Any CPU.ActiveCfg = Debug|Any CPU
		{58DFE0C9-0DA9-C7E5-31DF-43EA581E0ABE}.Debug|Any CPU.Build.0 = Debug|Any CPU
		{58DFE0C9-0DA9-C7E5-31DF-43EA581E0ABE}.Release|Any CPU.ActiveCfg = Release|Any CPU
		{58DFE0C9-0DA9-C7E5-31DF-43EA581E0ABE}.Release|Any CPU.Build.0 = Release|Any CPU
		{32CDED98-E095-3AA7-F57C-605E12BB62B6}.Debug|Any CPU.ActiveCfg = Debug|Any CPU
		{32CDED98-E095-3AA7-F57C-605E12BB62B6}.Debug|Any CPU.Build.0 = Debug|Any CPU
		{32CDED98-E095-3AA7-F57C-605E12BB62B6}.Release|Any CPU.ActiveCfg = Release|Any CPU
		{32CDED98-E095-3AA7-F57C-605E12BB62B6}.Release|Any CPU.Build.0 = Release|Any CPU
		{D42D358D-6AD9-B71F-D9C5-AF2303AD16B6}.Debug|Any CPU.ActiveCfg = Debug|Any CPU
		{D42D358D-6AD9-B71F-D9C5-AF2303AD16B6}.Debug|Any CPU.Build.0 = Debug|Any CPU
		{D42D358D-6AD9-B71F-D9C5-AF2303AD16B6}.Release|Any CPU.ActiveCfg = Release|Any CPU
		{D42D358D-6AD9-B71F-D9C5-AF2303AD16B6}.Release|Any CPU.Build.0 = Release|Any CPU
		{D8614FFE-D3E9-57BD-5133-27F7C8CC8051}.Debug|Any CPU.ActiveCfg = Debug|Any CPU
		{D8614FFE-D3E9-57BD-5133-27F7C8CC8051}.Debug|Any CPU.Build.0 = Debug|Any CPU
		{D8614FFE-D3E9-57BD-5133-27F7C8CC8051}.Release|Any CPU.ActiveCfg = Release|Any CPU
		{D8614FFE-D3E9-57BD-5133-27F7C8CC8051}.Release|Any CPU.Build.0 = Release|Any CPU
		{E966D161-0372-EA9B-72AD-8646CD206315}.Debug|Any CPU.ActiveCfg = Debug|Any CPU
		{E966D161-0372-EA9B-72AD-8646CD206315}.Debug|Any CPU.Build.0 = Debug|Any CPU
		{E966D161-0372-EA9B-72AD-8646CD206315}.Release|Any CPU.ActiveCfg = Release|Any CPU
		{E966D161-0372-EA9B-72AD-8646CD206315}.Release|Any CPU.Build.0 = Release|Any CPU
		{4B5DD406-22E8-E7E6-BD40-6E41E0F0BE8C}.Debug|Any CPU.ActiveCfg = Debug|Any CPU
		{4B5DD406-22E8-E7E6-BD40-6E41E0F0BE8C}.Debug|Any CPU.Build.0 = Debug|Any CPU
		{4B5DD406-22E8-E7E6-BD40-6E41E0F0BE8C}.Release|Any CPU.ActiveCfg = Release|Any CPU
		{4B5DD406-22E8-E7E6-BD40-6E41E0F0BE8C}.Release|Any CPU.Build.0 = Release|Any CPU
		{A36A20EB-05C6-7CC9-420E-8E1125475CA4}.Debug|Any CPU.ActiveCfg = Debug|Any CPU
		{A36A20EB-05C6-7CC9-420E-8E1125475CA4}.Debug|Any CPU.Build.0 = Debug|Any CPU
		{A36A20EB-05C6-7CC9-420E-8E1125475CA4}.Release|Any CPU.ActiveCfg = Release|Any CPU
		{A36A20EB-05C6-7CC9-420E-8E1125475CA4}.Release|Any CPU.Build.0 = Release|Any CPU
		{5369424C-E986-DA70-954C-0231B5FCE1E0}.Debug|Any CPU.ActiveCfg = Debug|Any CPU
		{5369424C-E986-DA70-954C-0231B5FCE1E0}.Debug|Any CPU.Build.0 = Debug|Any CPU
		{5369424C-E986-DA70-954C-0231B5FCE1E0}.Release|Any CPU.ActiveCfg = Release|Any CPU
		{5369424C-E986-DA70-954C-0231B5FCE1E0}.Release|Any CPU.Build.0 = Release|Any CPU
		{6D30437C-356D-43AC-D218-0EC8F9DCCBDB}.Debug|Any CPU.ActiveCfg = Debug|Any CPU
		{6D30437C-356D-43AC-D218-0EC8F9DCCBDB}.Debug|Any CPU.Build.0 = Debug|Any CPU
		{6D30437C-356D-43AC-D218-0EC8F9DCCBDB}.Release|Any CPU.ActiveCfg = Release|Any CPU
		{6D30437C-356D-43AC-D218-0EC8F9DCCBDB}.Release|Any CPU.Build.0 = Release|Any CPU
		{FAA1D653-38A4-C257-BB40-1F20AD9E05BA}.Debug|Any CPU.ActiveCfg = Debug|Any CPU
		{FAA1D653-38A4-C257-BB40-1F20AD9E05BA}.Debug|Any CPU.Build.0 = Debug|Any CPU
		{FAA1D653-38A4-C257-BB40-1F20AD9E05BA}.Release|Any CPU.ActiveCfg = Release|Any CPU
		{FAA1D653-38A4-C257-BB40-1F20AD9E05BA}.Release|Any CPU.Build.0 = Release|Any CPU
		{62DEA17C-C855-3452-DBA0-F9ED41A33268}.Debug|Any CPU.ActiveCfg = Debug|Any CPU
		{62DEA17C-C855-3452-DBA0-F9ED41A33268}.Debug|Any CPU.Build.0 = Debug|Any CPU
		{62DEA17C-C855-3452-DBA0-F9ED41A33268}.Release|Any CPU.ActiveCfg = Release|Any CPU
		{62DEA17C-C855-3452-DBA0-F9ED41A33268}.Release|Any CPU.Build.0 = Release|Any CPU
		{45BCC3ED-09F3-52F9-42BF-AC289404BBE9}.Debug|Any CPU.ActiveCfg = Debug|Any CPU
		{45BCC3ED-09F3-52F9-42BF-AC289404BBE9}.Debug|Any CPU.Build.0 = Debug|Any CPU
		{45BCC3ED-09F3-52F9-42BF-AC289404BBE9}.Release|Any CPU.ActiveCfg = Release|Any CPU
		{45BCC3ED-09F3-52F9-42BF-AC289404BBE9}.Release|Any CPU.Build.0 = Release|Any CPU
		{EDA10D1F-E4B5-C34C-77A8-4749B3E0DBE8}.Debug|Any CPU.ActiveCfg = Debug|Any CPU
		{EDA10D1F-E4B5-C34C-77A8-4749B3E0DBE8}.Debug|Any CPU.Build.0 = Debug|Any CPU
		{EDA10D1F-E4B5-C34C-77A8-4749B3E0DBE8}.Release|Any CPU.ActiveCfg = Release|Any CPU
		{EDA10D1F-E4B5-C34C-77A8-4749B3E0DBE8}.Release|Any CPU.Build.0 = Release|Any CPU
		{30D33994-787E-3F1B-43C7-EF04A2D59A8B}.Debug|Any CPU.ActiveCfg = Debug|Any CPU
		{30D33994-787E-3F1B-43C7-EF04A2D59A8B}.Debug|Any CPU.Build.0 = Debug|Any CPU
		{30D33994-787E-3F1B-43C7-EF04A2D59A8B}.Release|Any CPU.ActiveCfg = Release|Any CPU
		{30D33994-787E-3F1B-43C7-EF04A2D59A8B}.Release|Any CPU.Build.0 = Release|Any CPU
		{D10B0EDA-407E-4BB6-05E7-6654A8282B5A}.Debug|Any CPU.ActiveCfg = Debug|Any CPU
		{D10B0EDA-407E-4BB6-05E7-6654A8282B5A}.Debug|Any CPU.Build.0 = Debug|Any CPU
		{D10B0EDA-407E-4BB6-05E7-6654A8282B5A}.Release|Any CPU.ActiveCfg = Release|Any CPU
		{D10B0EDA-407E-4BB6-05E7-6654A8282B5A}.Release|Any CPU.Build.0 = Release|Any CPU
		{46549AD5-364F-EF25-2B05-074C0E2200E1}.Debug|Any CPU.ActiveCfg = Debug|Any CPU
		{46549AD5-364F-EF25-2B05-074C0E2200E1}.Debug|Any CPU.Build.0 = Debug|Any CPU
		{46549AD5-364F-EF25-2B05-074C0E2200E1}.Release|Any CPU.ActiveCfg = Release|Any CPU
		{46549AD5-364F-EF25-2B05-074C0E2200E1}.Release|Any CPU.Build.0 = Release|Any CPU
		{8E05CC27-2F64-80AB-DB34-4B01B06B87EA}.Debug|Any CPU.ActiveCfg = Debug|Any CPU
		{8E05CC27-2F64-80AB-DB34-4B01B06B87EA}.Debug|Any CPU.Build.0 = Debug|Any CPU
		{8E05CC27-2F64-80AB-DB34-4B01B06B87EA}.Release|Any CPU.ActiveCfg = Release|Any CPU
		{8E05CC27-2F64-80AB-DB34-4B01B06B87EA}.Release|Any CPU.Build.0 = Release|Any CPU
		{1AAA20EB-8817-9594-D865-BBCA39AC5CE3}.Debug|Any CPU.ActiveCfg = Debug|Any CPU
		{1AAA20EB-8817-9594-D865-BBCA39AC5CE3}.Debug|Any CPU.Build.0 = Debug|Any CPU
		{1AAA20EB-8817-9594-D865-BBCA39AC5CE3}.Release|Any CPU.ActiveCfg = Release|Any CPU
		{1AAA20EB-8817-9594-D865-BBCA39AC5CE3}.Release|Any CPU.Build.0 = Release|Any CPU
		{5E45F86B-3E29-E282-6338-E50F24BEA00A}.Debug|Any CPU.ActiveCfg = Debug|Any CPU
		{5E45F86B-3E29-E282-6338-E50F24BEA00A}.Debug|Any CPU.Build.0 = Debug|Any CPU
		{5E45F86B-3E29-E282-6338-E50F24BEA00A}.Release|Any CPU.ActiveCfg = Release|Any CPU
		{5E45F86B-3E29-E282-6338-E50F24BEA00A}.Release|Any CPU.Build.0 = Release|Any CPU
		{CF085095-C1EF-8274-D72B-B2C152F35EED}.Debug|Any CPU.ActiveCfg = Debug|Any CPU
		{CF085095-C1EF-8274-D72B-B2C152F35EED}.Debug|Any CPU.Build.0 = Debug|Any CPU
		{CF085095-C1EF-8274-D72B-B2C152F35EED}.Release|Any CPU.ActiveCfg = Release|Any CPU
		{CF085095-C1EF-8274-D72B-B2C152F35EED}.Release|Any CPU.Build.0 = Release|Any CPU
		{045EA182-A5F3-9E88-E056-6B2E456A7962}.Debug|Any CPU.ActiveCfg = Debug|Any CPU
		{045EA182-A5F3-9E88-E056-6B2E456A7962}.Debug|Any CPU.Build.0 = Debug|Any CPU
		{045EA182-A5F3-9E88-E056-6B2E456A7962}.Release|Any CPU.ActiveCfg = Release|Any CPU
		{045EA182-A5F3-9E88-E056-6B2E456A7962}.Release|Any CPU.Build.0 = Release|Any CPU
		{B33CB6A3-539E-9514-4D3F-F5B16B33C022}.Debug|Any CPU.ActiveCfg = Debug|Any CPU
		{B33CB6A3-539E-9514-4D3F-F5B16B33C022}.Debug|Any CPU.Build.0 = Debug|Any CPU
		{B33CB6A3-539E-9514-4D3F-F5B16B33C022}.Release|Any CPU.ActiveCfg = Release|Any CPU
		{B33CB6A3-539E-9514-4D3F-F5B16B33C022}.Release|Any CPU.Build.0 = Release|Any CPU
		{CE3B3765-9A15-2A2D-3681-0853DB161944}.Debug|Any CPU.ActiveCfg = Debug|Any CPU
		{CE3B3765-9A15-2A2D-3681-0853DB161944}.Debug|Any CPU.Build.0 = Debug|Any CPU
		{CE3B3765-9A15-2A2D-3681-0853DB161944}.Release|Any CPU.ActiveCfg = Release|Any CPU
		{CE3B3765-9A15-2A2D-3681-0853DB161944}.Release|Any CPU.Build.0 = Release|Any CPU
		{5201F675-E228-86BA-0A95-117BD1C0C0F4}.Debug|Any CPU.ActiveCfg = Debug|Any CPU
		{5201F675-E228-86BA-0A95-117BD1C0C0F4}.Debug|Any CPU.Build.0 = Debug|Any CPU
		{5201F675-E228-86BA-0A95-117BD1C0C0F4}.Release|Any CPU.ActiveCfg = Release|Any CPU
		{5201F675-E228-86BA-0A95-117BD1C0C0F4}.Release|Any CPU.Build.0 = Release|Any CPU
		{57803967-7527-1977-3153-2EDA44E76576}.Debug|Any CPU.ActiveCfg = Debug|Any CPU
		{57803967-7527-1977-3153-2EDA44E76576}.Debug|Any CPU.Build.0 = Debug|Any CPU
		{57803967-7527-1977-3153-2EDA44E76576}.Release|Any CPU.ActiveCfg = Release|Any CPU
		{57803967-7527-1977-3153-2EDA44E76576}.Release|Any CPU.Build.0 = Release|Any CPU
		{4B0CAD50-893A-7FED-AC0C-BEF106BBD9C7}.Debug|Any CPU.ActiveCfg = Debug|Any CPU
		{4B0CAD50-893A-7FED-AC0C-BEF106BBD9C7}.Debug|Any CPU.Build.0 = Debug|Any CPU
		{4B0CAD50-893A-7FED-AC0C-BEF106BBD9C7}.Release|Any CPU.ActiveCfg = Release|Any CPU
		{4B0CAD50-893A-7FED-AC0C-BEF106BBD9C7}.Release|Any CPU.Build.0 = Release|Any CPU
		{856103CE-CA6E-5933-5508-A4A9EB2DD9EF}.Debug|Any CPU.ActiveCfg = Debug|Any CPU
		{856103CE-CA6E-5933-5508-A4A9EB2DD9EF}.Debug|Any CPU.Build.0 = Debug|Any CPU
		{856103CE-CA6E-5933-5508-A4A9EB2DD9EF}.Release|Any CPU.ActiveCfg = Release|Any CPU
		{856103CE-CA6E-5933-5508-A4A9EB2DD9EF}.Release|Any CPU.Build.0 = Release|Any CPU
		{13826C9C-7F18-8F96-36E9-3B987B5A2A9D}.Debug|Any CPU.ActiveCfg = Debug|Any CPU
		{13826C9C-7F18-8F96-36E9-3B987B5A2A9D}.Debug|Any CPU.Build.0 = Debug|Any CPU
		{13826C9C-7F18-8F96-36E9-3B987B5A2A9D}.Release|Any CPU.ActiveCfg = Release|Any CPU
		{13826C9C-7F18-8F96-36E9-3B987B5A2A9D}.Release|Any CPU.Build.0 = Release|Any CPU
		{9FDCD928-2FD3-3AA2-9D8F-893BD4EC3A59}.Debug|Any CPU.ActiveCfg = Debug|Any CPU
		{9FDCD928-2FD3-3AA2-9D8F-893BD4EC3A59}.Debug|Any CPU.Build.0 = Debug|Any CPU
		{9FDCD928-2FD3-3AA2-9D8F-893BD4EC3A59}.Release|Any CPU.ActiveCfg = Release|Any CPU
		{9FDCD928-2FD3-3AA2-9D8F-893BD4EC3A59}.Release|Any CPU.Build.0 = Release|Any CPU
		{DCC78B4C-C993-EF90-2703-D8D01D80B949}.Debug|Any CPU.ActiveCfg = Debug|Any CPU
		{DCC78B4C-C993-EF90-2703-D8D01D80B949}.Debug|Any CPU.Build.0 = Debug|Any CPU
		{DCC78B4C-C993-EF90-2703-D8D01D80B949}.Release|Any CPU.ActiveCfg = Release|Any CPU
		{DCC78B4C-C993-EF90-2703-D8D01D80B949}.Release|Any CPU.Build.0 = Release|Any CPU
		{04C50510-48E8-E973-E91F-2768E1149A8F}.Debug|Any CPU.ActiveCfg = Debug|Any CPU
		{04C50510-48E8-E973-E91F-2768E1149A8F}.Debug|Any CPU.Build.0 = Debug|Any CPU
		{04C50510-48E8-E973-E91F-2768E1149A8F}.Release|Any CPU.ActiveCfg = Release|Any CPU
		{04C50510-48E8-E973-E91F-2768E1149A8F}.Release|Any CPU.Build.0 = Release|Any CPU
		{12DDFF7A-0108-FFFD-0318-72AF4606A6E8}.Debug|Any CPU.ActiveCfg = Debug|Any CPU
		{12DDFF7A-0108-FFFD-0318-72AF4606A6E8}.Debug|Any CPU.Build.0 = Debug|Any CPU
		{12DDFF7A-0108-FFFD-0318-72AF4606A6E8}.Release|Any CPU.ActiveCfg = Release|Any CPU
		{12DDFF7A-0108-FFFD-0318-72AF4606A6E8}.Release|Any CPU.Build.0 = Release|Any CPU
		{4B99C3E6-F2ED-742C-66CE-272189373D59}.Debug|Any CPU.ActiveCfg = Debug|Any CPU
		{4B99C3E6-F2ED-742C-66CE-272189373D59}.Debug|Any CPU.Build.0 = Debug|Any CPU
		{4B99C3E6-F2ED-742C-66CE-272189373D59}.Release|Any CPU.ActiveCfg = Release|Any CPU
		{4B99C3E6-F2ED-742C-66CE-272189373D59}.Release|Any CPU.Build.0 = Release|Any CPU
		{482F2F76-DFD6-4AC2-75F4-C16102F5E245}.Debug|Any CPU.ActiveCfg = Debug|Any CPU
		{482F2F76-DFD6-4AC2-75F4-C16102F5E245}.Debug|Any CPU.Build.0 = Debug|Any CPU
		{482F2F76-DFD6-4AC2-75F4-C16102F5E245}.Release|Any CPU.ActiveCfg = Release|Any CPU
		{482F2F76-DFD6-4AC2-75F4-C16102F5E245}.Release|Any CPU.Build.0 = Release|Any CPU
		{A5FC6EFB-90BB-D558-D4ED-9E1FEF658F1B}.Debug|Any CPU.ActiveCfg = Debug|Any CPU
		{A5FC6EFB-90BB-D558-D4ED-9E1FEF658F1B}.Debug|Any CPU.Build.0 = Debug|Any CPU
		{A5FC6EFB-90BB-D558-D4ED-9E1FEF658F1B}.Release|Any CPU.ActiveCfg = Release|Any CPU
		{A5FC6EFB-90BB-D558-D4ED-9E1FEF658F1B}.Release|Any CPU.Build.0 = Release|Any CPU
		{B2B00A12-0184-AAE7-5197-4610BEDB0EA5}.Debug|Any CPU.ActiveCfg = Debug|Any CPU
		{B2B00A12-0184-AAE7-5197-4610BEDB0EA5}.Debug|Any CPU.Build.0 = Debug|Any CPU
		{B2B00A12-0184-AAE7-5197-4610BEDB0EA5}.Release|Any CPU.ActiveCfg = Release|Any CPU
		{B2B00A12-0184-AAE7-5197-4610BEDB0EA5}.Release|Any CPU.Build.0 = Release|Any CPU
		{5A71FDEA-9928-9338-D276-9F40048B56DE}.Debug|Any CPU.ActiveCfg = Debug|Any CPU
		{5A71FDEA-9928-9338-D276-9F40048B56DE}.Debug|Any CPU.Build.0 = Debug|Any CPU
		{5A71FDEA-9928-9338-D276-9F40048B56DE}.Release|Any CPU.ActiveCfg = Release|Any CPU
		{5A71FDEA-9928-9338-D276-9F40048B56DE}.Release|Any CPU.Build.0 = Release|Any CPU
		{8F7EDD80-958C-3E92-CB2B-6C76110B44BD}.Debug|Any CPU.ActiveCfg = Debug|Any CPU
		{8F7EDD80-958C-3E92-CB2B-6C76110B44BD}.Debug|Any CPU.Build.0 = Debug|Any CPU
		{8F7EDD80-958C-3E92-CB2B-6C76110B44BD}.Release|Any CPU.ActiveCfg = Release|Any CPU
		{8F7EDD80-958C-3E92-CB2B-6C76110B44BD}.Release|Any CPU.Build.0 = Release|Any CPU
		{E4819F6D-AEC3-7280-A4BC-64041C3A8BF4}.Debug|Any CPU.ActiveCfg = Debug|Any CPU
		{E4819F6D-AEC3-7280-A4BC-64041C3A8BF4}.Debug|Any CPU.Build.0 = Debug|Any CPU
		{E4819F6D-AEC3-7280-A4BC-64041C3A8BF4}.Release|Any CPU.ActiveCfg = Release|Any CPU
		{E4819F6D-AEC3-7280-A4BC-64041C3A8BF4}.Release|Any CPU.Build.0 = Release|Any CPU
		{1E410C3B-15EC-9EB3-C693-37552E5681A9}.Debug|Any CPU.ActiveCfg = Debug|Any CPU
		{1E410C3B-15EC-9EB3-C693-37552E5681A9}.Debug|Any CPU.Build.0 = Debug|Any CPU
		{1E410C3B-15EC-9EB3-C693-37552E5681A9}.Release|Any CPU.ActiveCfg = Release|Any CPU
		{1E410C3B-15EC-9EB3-C693-37552E5681A9}.Release|Any CPU.Build.0 = Release|Any CPU
		{EDF7458D-B2D6-578C-F97A-09847DEAFE84}.Debug|Any CPU.ActiveCfg = Debug|Any CPU
		{EDF7458D-B2D6-578C-F97A-09847DEAFE84}.Debug|Any CPU.Build.0 = Debug|Any CPU
		{EDF7458D-B2D6-578C-F97A-09847DEAFE84}.Release|Any CPU.ActiveCfg = Release|Any CPU
		{EDF7458D-B2D6-578C-F97A-09847DEAFE84}.Release|Any CPU.Build.0 = Release|Any CPU
		{240990E8-224E-D1CD-0682-A1F5A4AF71CA}.Debug|Any CPU.ActiveCfg = Debug|Any CPU
		{240990E8-224E-D1CD-0682-A1F5A4AF71CA}.Debug|Any CPU.Build.0 = Debug|Any CPU
		{240990E8-224E-D1CD-0682-A1F5A4AF71CA}.Release|Any CPU.ActiveCfg = Release|Any CPU
		{240990E8-224E-D1CD-0682-A1F5A4AF71CA}.Release|Any CPU.Build.0 = Release|Any CPU
		{2B42C5D2-8C6A-BFDB-D2EE-571656316F7E}.Debug|Any CPU.ActiveCfg = Debug|Any CPU
		{2B42C5D2-8C6A-BFDB-D2EE-571656316F7E}.Debug|Any CPU.Build.0 = Debug|Any CPU
		{2B42C5D2-8C6A-BFDB-D2EE-571656316F7E}.Release|Any CPU.ActiveCfg = Release|Any CPU
		{2B42C5D2-8C6A-BFDB-D2EE-571656316F7E}.Release|Any CPU.Build.0 = Release|Any CPU
		{D7556A4B-FD58-F98A-AB77-EF22294EA922}.Debug|Any CPU.ActiveCfg = Debug|Any CPU
		{D7556A4B-FD58-F98A-AB77-EF22294EA922}.Debug|Any CPU.Build.0 = Debug|Any CPU
		{D7556A4B-FD58-F98A-AB77-EF22294EA922}.Release|Any CPU.ActiveCfg = Release|Any CPU
		{D7556A4B-FD58-F98A-AB77-EF22294EA922}.Release|Any CPU.Build.0 = Release|Any CPU
		{4FD2894D-C2D1-5E17-77A9-284B3A89932E}.Debug|Any CPU.ActiveCfg = Debug|Any CPU
		{4FD2894D-C2D1-5E17-77A9-284B3A89932E}.Debug|Any CPU.Build.0 = Debug|Any CPU
		{4FD2894D-C2D1-5E17-77A9-284B3A89932E}.Release|Any CPU.ActiveCfg = Release|Any CPU
		{4FD2894D-C2D1-5E17-77A9-284B3A89932E}.Release|Any CPU.Build.0 = Release|Any CPU
		{A1145755-6447-C947-AAD1-E64F7405471F}.Debug|Any CPU.ActiveCfg = Debug|Any CPU
		{A1145755-6447-C947-AAD1-E64F7405471F}.Debug|Any CPU.Build.0 = Debug|Any CPU
		{A1145755-6447-C947-AAD1-E64F7405471F}.Release|Any CPU.ActiveCfg = Release|Any CPU
		{A1145755-6447-C947-AAD1-E64F7405471F}.Release|Any CPU.Build.0 = Release|Any CPU
		{295F80F3-09A4-A0DD-9403-B06411A0F8E5}.Debug|Any CPU.ActiveCfg = Debug|Any CPU
		{295F80F3-09A4-A0DD-9403-B06411A0F8E5}.Debug|Any CPU.Build.0 = Debug|Any CPU
		{295F80F3-09A4-A0DD-9403-B06411A0F8E5}.Release|Any CPU.ActiveCfg = Release|Any CPU
		{295F80F3-09A4-A0DD-9403-B06411A0F8E5}.Release|Any CPU.Build.0 = Release|Any CPU
		{E46656B3-B44B-5BB8-EBE4-6A47CBDE3048}.Debug|Any CPU.ActiveCfg = Debug|Any CPU
		{E46656B3-B44B-5BB8-EBE4-6A47CBDE3048}.Debug|Any CPU.Build.0 = Debug|Any CPU
		{E46656B3-B44B-5BB8-EBE4-6A47CBDE3048}.Release|Any CPU.ActiveCfg = Release|Any CPU
		{E46656B3-B44B-5BB8-EBE4-6A47CBDE3048}.Release|Any CPU.Build.0 = Release|Any CPU
		{B78ABAD9-8721-B956-2BCA-47F5741650AD}.Debug|Any CPU.ActiveCfg = Debug|Any CPU
		{B78ABAD9-8721-B956-2BCA-47F5741650AD}.Debug|Any CPU.Build.0 = Debug|Any CPU
		{B78ABAD9-8721-B956-2BCA-47F5741650AD}.Release|Any CPU.ActiveCfg = Release|Any CPU
		{B78ABAD9-8721-B956-2BCA-47F5741650AD}.Release|Any CPU.Build.0 = Release|Any CPU
		{C8AEC3AF-0D68-50AC-68AA-ED0ACB087104}.Debug|Any CPU.ActiveCfg = Debug|Any CPU
		{C8AEC3AF-0D68-50AC-68AA-ED0ACB087104}.Debug|Any CPU.Build.0 = Debug|Any CPU
		{C8AEC3AF-0D68-50AC-68AA-ED0ACB087104}.Release|Any CPU.ActiveCfg = Release|Any CPU
		{C8AEC3AF-0D68-50AC-68AA-ED0ACB087104}.Release|Any CPU.Build.0 = Release|Any CPU
		{49D56B26-B075-9D50-4984-5513460BAB87}.Debug|Any CPU.ActiveCfg = Debug|Any CPU
		{49D56B26-B075-9D50-4984-5513460BAB87}.Debug|Any CPU.Build.0 = Debug|Any CPU
		{49D56B26-B075-9D50-4984-5513460BAB87}.Release|Any CPU.ActiveCfg = Release|Any CPU
		{49D56B26-B075-9D50-4984-5513460BAB87}.Release|Any CPU.Build.0 = Release|Any CPU
		{CDFDC414-CB85-6051-7875-CCB94BFE8F85}.Debug|Any CPU.ActiveCfg = Debug|Any CPU
		{CDFDC414-CB85-6051-7875-CCB94BFE8F85}.Debug|Any CPU.Build.0 = Debug|Any CPU
		{CDFDC414-CB85-6051-7875-CCB94BFE8F85}.Release|Any CPU.ActiveCfg = Release|Any CPU
		{CDFDC414-CB85-6051-7875-CCB94BFE8F85}.Release|Any CPU.Build.0 = Release|Any CPU
		{3482C055-5E36-E3C4-FB7B-F74249D1F436}.Debug|Any CPU.ActiveCfg = Debug|Any CPU
		{3482C055-5E36-E3C4-FB7B-F74249D1F436}.Debug|Any CPU.Build.0 = Debug|Any CPU
		{3482C055-5E36-E3C4-FB7B-F74249D1F436}.Release|Any CPU.ActiveCfg = Release|Any CPU
		{3482C055-5E36-E3C4-FB7B-F74249D1F436}.Release|Any CPU.Build.0 = Release|Any CPU
		{A5D7261F-9197-1437-8B42-5323D971A6C1}.Debug|Any CPU.ActiveCfg = Debug|Any CPU
		{A5D7261F-9197-1437-8B42-5323D971A6C1}.Debug|Any CPU.Build.0 = Debug|Any CPU
		{A5D7261F-9197-1437-8B42-5323D971A6C1}.Release|Any CPU.ActiveCfg = Release|Any CPU
		{A5D7261F-9197-1437-8B42-5323D971A6C1}.Release|Any CPU.Build.0 = Release|Any CPU
		{8EE0866D-AD7A-2758-C096-0FDA1D7B2F6A}.Debug|Any CPU.ActiveCfg = Debug|Any CPU
		{8EE0866D-AD7A-2758-C096-0FDA1D7B2F6A}.Debug|Any CPU.Build.0 = Debug|Any CPU
		{8EE0866D-AD7A-2758-C096-0FDA1D7B2F6A}.Release|Any CPU.ActiveCfg = Release|Any CPU
		{8EE0866D-AD7A-2758-C096-0FDA1D7B2F6A}.Release|Any CPU.Build.0 = Release|Any CPU
	EndGlobalSection
	GlobalSection(SolutionProperties) = preSolution
		HideSolutionNode = FALSE
	EndGlobalSection
EndGlobal
