
Microsoft Visual Studio Solution File, Format Version 12.00
# Visual Studio 15
Project("{FAE04EC0-301F-11D3-BF4B-00C04F79EFBC}") = "Unity.Timeline", "Unity.Timeline.csproj", "{9D45A48F-6A82-466D-AD36-3FBCD6564F65}"
EndProject
Project("{FAE04EC0-301F-11D3-BF4B-00C04F79EFBC}") = "Unity.Timeline.Editor", "Unity.Timeline.Editor.csproj", "{2DFF8F25-779D-E9AA-3440-073E2B708EE9}"
EndProject
Project("{FAE04EC0-301F-11D3-BF4B-00C04F79EFBC}") = "Unity.2D.Tilemap.Editor", "Unity.2D.Tilemap.Editor.csproj", "{FDA606BF-0ACC-DD0C-6C57-CC9780DA5E36}"
EndProject
Project("{FAE04EC0-301F-11D3-BF4B-00C04F79EFBC}") = "Unity.TextMeshPro.Editor", "Unity.TextMeshPro.Editor.csproj", "{212E6413-8353-65BA-AAB3-0D7FF8FBED84}"
EndProject
Project("{FAE04EC0-301F-11D3-BF4B-00C04F79EFBC}") = "Unity.2D.Aseprite.Editor", "Unity.2D.Aseprite.Editor.csproj", "{D04D3456-8BA7-6762-42E7-562EABABE7A4}"
EndProject
Project("{FAE04EC0-301F-11D3-BF4B-00C04F79EFBC}") = "Unity.VisualScripting.Flow", "Unity.VisualScripting.Flow.csproj", "{39B46613-BF12-1B8B-3275-D97F41CC4A41}"
EndProject
Project("{FAE04EC0-301F-11D3-BF4B-00C04F79EFBC}") = "UnityEditor.UI", "UnityEditor.UI.csproj", "{FD3570FD-0C4D-E849-8AEC-94836F7C2C6E}"
EndProject
Project("{FAE04EC0-301F-11D3-BF4B-00C04F79EFBC}") = "Unity.PlasticSCM.Editor", "Unity.PlasticSCM.Editor.csproj", "{D3553717-852E-17F2-6348-82D1E385BEDE}"
EndProject
Project("{FAE04EC0-301F-11D3-BF4B-00C04F79EFBC}") = "Unity.2D.Psdimporter.Editor", "Unity.2D.Psdimporter.Editor.csproj", "{92ADA2A4-E8B2-E096-FEC0-8493C9FD2F6A}"
EndProject
Project("{FAE04EC0-301F-11D3-BF4B-00C04F79EFBC}") = "Unity.VisualScripting.Core", "Unity.VisualScripting.Core.csproj", "{C1C34720-6213-D3C9-62A4-CB1342E57F73}"
EndProject
Project("{FAE04EC0-301F-11D3-BF4B-00C04F79EFBC}") = "Unity.Mathematics", "Unity.Mathematics.csproj", "{7EBCA370-1189-C08D-8FA4-460D39FA51C9}"
EndProject
Project("{FAE04EC0-301F-11D3-BF4B-00C04F79EFBC}") = "Unity.2D.Animation.Editor", "Unity.2D.Animation.Editor.csproj", "{C7750AD2-BC36-773D-62C2-318695C0B078}"
EndProject
Project("{FAE04EC0-301F-11D3-BF4B-00C04F79EFBC}") = "Unity.2D.Common.Path.Editor", "Unity.2D.Common.Path.Editor.csproj", "{A5B04F40-0A00-6DFD-3FE2-504393E15B36}"
EndProject
Project("{FAE04EC0-301F-11D3-BF4B-00C04F79EFBC}") = "Unity.VisualScripting.Core.Editor", "Unity.VisualScripting.Core.Editor.csproj", "{4DFC36BD-E971-0EAA-CFDF-ACF612DDD602}"
EndProject
Project("{FAE04EC0-301F-11D3-BF4B-00C04F79EFBC}") = "Unity.2D.IK.Runtime", "Unity.2D.IK.Runtime.csproj", "{18AD3683-735A-3970-3B87-A7DDDB24F1A3}"
EndProject
Project("{FAE04EC0-301F-11D3-BF4B-00C04F79EFBC}") = "Unity.VisualScripting.Flow.Editor", "Unity.VisualScripting.Flow.Editor.csproj", "{E04826DB-073E-D661-B1EF-20CC84AB8334}"
EndProject
Project("{FAE04EC0-301F-11D3-BF4B-00C04F79EFBC}") = "UnityEditor.TestRunner", "UnityEditor.TestRunner.csproj", "{4AEB9645-129D-C035-08E8-EAC964D42F57}"
EndProject
Project("{FAE04EC0-301F-11D3-BF4B-00C04F79EFBC}") = "Unity.VisualScripting.SettingsProvider.Editor", "Unity.VisualScripting.SettingsProvider.Editor.csproj", "{94B8695B-4B5C-3647-1BD7-9C28A77B4E2B}"
EndProject
Project("{FAE04EC0-301F-11D3-BF4B-00C04F79EFBC}") = "UnityEngine.TestRunner", "UnityEngine.TestRunner.csproj", "{7E1B6A22-9A09-E021-7B47-50AEE971FAE8}"
EndProject
Project("{FAE04EC0-301F-11D3-BF4B-00C04F79EFBC}") = "PsdPlugin", "PsdPlugin.csproj", "{5BF7C474-3797-A724-D6FC-66938F06720A}"
EndProject
Project("{FAE04EC0-301F-11D3-BF4B-00C04F79EFBC}") = "Unity.Burst", "Unity.Burst.csproj", "{9AE8A139-BEBB-FBDB-D9FF-0BA97661A303}"
EndProject
Project("{FAE04EC0-301F-11D3-BF4B-00C04F79EFBC}") = "UnityEngine.UI", "UnityEngine.UI.csproj", "{F0874973-734E-EF4A-BCB5-4F7BB162C6FA}"
EndProject
Project("{FAE04EC0-301F-11D3-BF4B-00C04F79EFBC}") = "Unity.2D.SpriteShape.Editor", "Unity.2D.SpriteShape.Editor.csproj", "{34367A61-4C81-CC91-6E98-63719BDE5F72}"
EndProject
Project("{FAE04EC0-301F-11D3-BF4B-00C04F79EFBC}") = "Unity.Collections", "Unity.Collections.csproj", "{F9F6F4AA-8859-CA32-0D97-766126F22FBD}"
EndProject
Project("{FAE04EC0-301F-11D3-BF4B-00C04F79EFBC}") = "Unity.VisualStudio.Editor", "Unity.VisualStudio.Editor.csproj", "{F0757644-7C5C-7F13-4B61-C7F35C715D2A}"
EndProject
Project("{FAE04EC0-301F-11D3-BF4B-00C04F79EFBC}") = "Unity.2D.Tilemap.Extras.Editor", "Unity.2D.Tilemap.Extras.Editor.csproj", "{0BB9E7E2-A008-12E7-627F-4926E485F2BF}"
EndProject
Project("{FAE04EC0-301F-11D3-BF4B-00C04F79EFBC}") = "Unity.Rider.Editor", "Unity.Rider.Editor.csproj", "{E0B02C9C-39E9-20A2-5479-648B6457FCA6}"
EndProject
Project("{FAE04EC0-301F-11D3-BF4B-00C04F79EFBC}") = "Unity.InternalAPIEditorBridge.001", "Unity.InternalAPIEditorBridge.001.csproj", "{946E16B5-AD3D-3AD0-4563-33C1060C102D}"
EndProject
Project("{FAE04EC0-301F-11D3-BF4B-00C04F79EFBC}") = "Unity.2D.SpriteShape.Runtime", "Unity.2D.SpriteShape.Runtime.csproj", "{6441094A-9A06-9300-ADF6-0D74BAF97CB9}"
EndProject
Project("{FAE04EC0-301F-11D3-BF4B-00C04F79EFBC}") = "Unity.VisualScripting.State.Editor", "Unity.VisualScripting.State.Editor.csproj", "{1AEF00E7-F316-7224-759F-E15A417FBFA6}"
EndProject
Project("{FAE04EC0-301F-11D3-BF4B-00C04F79EFBC}") = "Unity.2D.Animation.Runtime", "Unity.2D.Animation.Runtime.csproj", "{AB769B4C-C2A5-C9EA-171D-C453A601B032}"
EndProject
Project("{FAE04EC0-301F-11D3-BF4B-00C04F79EFBC}") = "Unity.Burst.CodeGen", "Unity.Burst.CodeGen.csproj", "{FA40F7D5-A8BB-D024-BF23-7C9DDED9A834}"
EndProject
Project("{FAE04EC0-301F-11D3-BF4B-00C04F79EFBC}") = "Unity.2D.Tilemap.Extras", "Unity.2D.Tilemap.Extras.csproj", "{545FDF28-A817-4C47-3F32-09D5C03324FB}"
EndProject
Project("{FAE04EC0-301F-11D3-BF4B-00C04F79EFBC}") = "Unity.VisualScripting.State", "Unity.VisualScripting.State.csproj", "{92C86E4B-AD2E-3C09-8021-EB5F274A6FA4}"
EndProject
Project("{FAE04EC0-301F-11D3-BF4B-00C04F79EFBC}") = "Unity.TextMeshPro", "Unity.TextMeshPro.csproj", "{75A6E218-3E42-78A1-2E10-8FB8304ADE5A}"
EndProject
Project("{FAE04EC0-301F-11D3-BF4B-00C04F79EFBC}") = "Unity.2D.Aseprite.Common", "Unity.2D.Aseprite.Common.csproj", "{9F2E90F2-3226-DA4F-55EC-CF63236DB27A}"
EndProject
Project("{FAE04EC0-301F-11D3-BF4B-00C04F79EFBC}") = "Unity.2D.IK.Editor", "Unity.2D.IK.Editor.csproj", "{4F19483D-9A8E-5C19-B1F6-5D466A5228C8}"
EndProject
Project("{FAE04EC0-301F-11D3-BF4B-00C04F79EFBC}") = "Unity.InternalAPIEngineBridge.001", "Unity.InternalAPIEngineBridge.001.csproj", "{007D4DDC-1E8A-DEB9-BEAC-C20CCCD61155}"
EndProject
Project("{FAE04EC0-301F-11D3-BF4B-00C04F79EFBC}") = "Unity.Burst.Editor", "Unity.Burst.Editor.csproj", "{A90C5001-1654-8D1C-0FE5-65E49CDC8F6A}"
EndProject
Project("{FAE04EC0-301F-11D3-BF4B-00C04F79EFBC}") = "Unity.2D.Common.Editor", "Unity.2D.Common.Editor.csproj", "{DFED3B37-A2F0-394D-9480-C4B9FC91E7BE}"
EndProject
Project("{FAE04EC0-301F-11D3-BF4B-00C04F79EFBC}") = "Unity.2D.Sprite.Editor", "Unity.2D.Sprite.Editor.csproj", "{BFD08D08-088A-C02F-6B15-D88341B1EC25}"
EndProject
Project("{FAE04EC0-301F-11D3-BF4B-00C04F79EFBC}") = "Unity.2D.PixelPerfect", "Unity.2D.PixelPerfect.csproj", "{097B2E66-BD50-DADE-1291-7AC17482072E}"
EndProject
Project("{FAE04EC0-301F-11D3-BF4B-00C04F79EFBC}") = "Unity.2D.PixelPerfect.Editor", "Unity.2D.PixelPerfect.Editor.csproj", "{28D95686-5CC1-F144-F787-9D909F8E6CA4}"
EndProject
Project("{FAE04EC0-301F-11D3-BF4B-00C04F79EFBC}") = "Unity.2D.Common.Runtime", "Unity.2D.Common.Runtime.csproj", "{C5A53FE0-5CAF-2576-F5CF-354D54C2AB40}"
EndProject
Project("{FAE04EC0-301F-11D3-BF4B-00C04F79EFBC}") = "Assembly-CSharp", "Assembly-CSharp.csproj", "{FE66B845-7511-AAD0-EEE5-9C947148F6EB}"
EndProject
Project("{FAE04EC0-301F-11D3-BF4B-00C04F79EFBC}") = "Unity.Mathematics.Editor", "Unity.Mathematics.Editor.csproj", "{E8DCD003-A25F-0A1B-D132-7E316AF79C43}"
EndProject
Project("{FAE04EC0-301F-11D3-BF4B-00C04F79EFBC}") = "Unity.Collections.BurstCompatibilityGen", "Unity.Collections.BurstCompatibilityGen.csproj", "{15B10477-5781-D495-E169-8616C04E3BD6}"
EndProject
Project("{FAE04EC0-301F-11D3-BF4B-00C04F79EFBC}") = "Unity.VisualScripting.Shared.Editor", "Unity.VisualScripting.Shared.Editor.csproj", "{9BDB2C57-132F-9DF4-F388-4D4F16946C45}"
EndProject
Project("{FAE04EC0-301F-11D3-BF4B-00C04F79EFBC}") = "Unity.Collections.DocCodeSamples", "Unity.Collections.DocCodeSamples.csproj", "{4DE10299-2AF6-F91F-EFBD-27F216DAC388}"
EndProject
Project("{FAE04EC0-301F-11D3-BF4B-00C04F79EFBC}") = "Unity.CollabProxy.Editor", "Unity.CollabProxy.Editor.csproj", "{4A463149-017B-BD79-C809-B2090576E28A}"
EndProject
Project("{FAE04EC0-301F-11D3-BF4B-00C04F79EFBC}") = "Unity.Timeline", "Unity.Timeline.Player.csproj", "{DBD44274-9CAB-D289-0537-473A3EDDD1E7}"
EndProject
Project("{FAE04EC0-301F-11D3-BF4B-00C04F79EFBC}") = "Unity.VisualScripting.Flow", "Unity.VisualScripting.Flow.Player.csproj", "{43704886-C899-5CF0-CB20-3948A9CE39B8}"
EndProject
Project("{FAE04EC0-301F-11D3-BF4B-00C04F79EFBC}") = "Unity.VisualScripting.Core", "Unity.VisualScripting.Core.Player.csproj", "{69895BA7-EB80-09B5-1FD5-37520297AD21}"
EndProject
Project("{FAE04EC0-301F-11D3-BF4B-00C04F79EFBC}") = "Unity.Mathematics", "Unity.Mathematics.Player.csproj", "{D24CBB3E-B9BC-EE22-A343-91B3686272E8}"
EndProject
Project("{FAE04EC0-301F-11D3-BF4B-00C04F79EFBC}") = "Unity.2D.IK.Runtime", "Unity.2D.IK.Runtime.Player.csproj", "{7746B863-3756-1F33-09E7-40332C326814}"
EndProject
Project("{FAE04EC0-301F-11D3-BF4B-00C04F79EFBC}") = "UnityEngine.TestRunner", "UnityEngine.TestRunner.Player.csproj", "{440575A4-93A1-2931-D9CA-20D2C61B02F1}"
EndProject
Project("{FAE04EC0-301F-11D3-BF4B-00C04F79EFBC}") = "Unity.Burst", "Unity.Burst.Player.csproj", "{FBF8467A-E937-39EA-13DC-86158B115A69}"
EndProject
Project("{FAE04EC0-301F-11D3-BF4B-00C04F79EFBC}") = "UnityEngine.UI", "UnityEngine.UI.Player.csproj", "{C8668F62-D35E-F521-7ED0-D32C5BF38C95}"
EndProject
Project("{FAE04EC0-301F-11D3-BF4B-00C04F79EFBC}") = "Unity.Collections", "Unity.Collections.Player.csproj", "{2BCED86E-1054-8AC6-B86C-5C4193987CAE}"
EndProject
Project("{FAE04EC0-301F-11D3-BF4B-00C04F79EFBC}") = "Unity.2D.SpriteShape.Runtime", "Unity.2D.SpriteShape.Runtime.Player.csproj", "{C3F19A06-B128-AF7F-C96A-D94AE083B4D3}"
EndProject
Project("{FAE04EC0-301F-11D3-BF4B-00C04F79EFBC}") = "Unity.2D.Animation.Runtime", "Unity.2D.Animation.Runtime.Player.csproj", "{367B6D66-DF31-2FCB-AD3B-6F020E9D0481}"
EndProject
Project("{FAE04EC0-301F-11D3-BF4B-00C04F79EFBC}") = "Unity.2D.Tilemap.Extras", "Unity.2D.Tilemap.Extras.Player.csproj", "{B31791C4-601B-2771-19BE-4229264CDF8B}"
EndProject
Project("{FAE04EC0-301F-11D3-BF4B-00C04F79EFBC}") = "Unity.VisualScripting.State", "Unity.VisualScripting.State.Player.csproj", "{AC86CFA8-2E1C-F1F9-7AC5-09AB246C9AD6}"
EndProject
Project("{FAE04EC0-301F-11D3-BF4B-00C04F79EFBC}") = "Unity.TextMeshPro", "Unity.TextMeshPro.Player.csproj", "{01415D2D-089B-D218-91DD-32737E06C978}"
EndProject
Project("{FAE04EC0-301F-11D3-BF4B-00C04F79EFBC}") = "Unity.InternalAPIEngineBridge.001", "Unity.InternalAPIEngineBridge.001.Player.csproj", "{8B002734-EA7F-C0AD-1245-9C51C40E9A64}"
EndProject
Project("{FAE04EC0-301F-11D3-BF4B-00C04F79EFBC}") = "Unity.2D.PixelPerfect", "Unity.2D.PixelPerfect.Player.csproj", "{1F8D2024-EE5B-7B7A-489D-6F98F6437272}"
EndProject
Project("{FAE04EC0-301F-11D3-BF4B-00C04F79EFBC}") = "Unity.2D.Common.Runtime", "Unity.2D.Common.Runtime.Player.csproj", "{5B71C860-E298-C4B2-B254-7C67EFE45E0D}"
EndProject
Project("{FAE04EC0-301F-11D3-BF4B-00C04F79EFBC}") = "Assembly-CSharp", "Assembly-CSharp.Player.csproj", "{0119B583-B4BD-2925-B823-A382833D4DE0}"
EndProject
Global
	GlobalSection(SolutionConfigurationPlatforms) = preSolution
		Debug|Any CPU = Debug|Any CPU
		Release|Any CPU = Release|Any CPU
	EndGlobalSection
	GlobalSection(ProjectConfigurationPlatforms) = postSolution
		{9D45A48F-6A82-466D-AD36-3FBCD6564F65}.Debug|Any CPU.ActiveCfg = Debug|Any CPU
		{9D45A48F-6A82-466D-AD36-3FBCD6564F65}.Debug|Any CPU.Build.0 = Debug|Any CPU
		{9D45A48F-6A82-466D-AD36-3FBCD6564F65}.Release|Any CPU.ActiveCfg = Release|Any CPU
		{9D45A48F-6A82-466D-AD36-3FBCD6564F65}.Release|Any CPU.Build.0 = Release|Any CPU
		{2DFF8F25-779D-E9AA-3440-073E2B708EE9}.Debug|Any CPU.ActiveCfg = Debug|Any CPU
		{2DFF8F25-779D-E9AA-3440-073E2B708EE9}.Debug|Any CPU.Build.0 = Debug|Any CPU
		{2DFF8F25-779D-E9AA-3440-073E2B708EE9}.Release|Any CPU.ActiveCfg = Release|Any CPU
		{2DFF8F25-779D-E9AA-3440-073E2B708EE9}.Release|Any CPU.Build.0 = Release|Any CPU
		{FDA606BF-0ACC-DD0C-6C57-CC9780DA5E36}.Debug|Any CPU.ActiveCfg = Debug|Any CPU
		{FDA606BF-0ACC-DD0C-6C57-CC9780DA5E36}.Debug|Any CPU.Build.0 = Debug|Any CPU
		{FDA606BF-0ACC-DD0C-6C57-CC9780DA5E36}.Release|Any CPU.ActiveCfg = Release|Any CPU
		{FDA606BF-0ACC-DD0C-6C57-CC9780DA5E36}.Release|Any CPU.Build.0 = Release|Any CPU
		{212E6413-8353-65BA-AAB3-0D7FF8FBED84}.Debug|Any CPU.ActiveCfg = Debug|Any CPU
		{212E6413-8353-65BA-AAB3-0D7FF8FBED84}.Debug|Any CPU.Build.0 = Debug|Any CPU
		{212E6413-8353-65BA-AAB3-0D7FF8FBED84}.Release|Any CPU.ActiveCfg = Release|Any CPU
		{212E6413-8353-65BA-AAB3-0D7FF8FBED84}.Release|Any CPU.Build.0 = Release|Any CPU
		{D04D3456-8BA7-6762-42E7-562EABABE7A4}.Debug|Any CPU.ActiveCfg = Debug|Any CPU
		{D04D3456-8BA7-6762-42E7-562EABABE7A4}.Debug|Any CPU.Build.0 = Debug|Any CPU
		{D04D3456-8BA7-6762-42E7-562EABABE7A4}.Release|Any CPU.ActiveCfg = Release|Any CPU
		{D04D3456-8BA7-6762-42E7-562EABABE7A4}.Release|Any CPU.Build.0 = Release|Any CPU
		{39B46613-BF12-1B8B-3275-D97F41CC4A41}.Debug|Any CPU.ActiveCfg = Debug|Any CPU
		{39B46613-BF12-1B8B-3275-D97F41CC4A41}.Debug|Any CPU.Build.0 = Debug|Any CPU
		{39B46613-BF12-1B8B-3275-D97F41CC4A41}.Release|Any CPU.ActiveCfg = Release|Any CPU
		{39B46613-BF12-1B8B-3275-D97F41CC4A41}.Release|Any CPU.Build.0 = Release|Any CPU
		{FD3570FD-0C4D-E849-8AEC-94836F7C2C6E}.Debug|Any CPU.ActiveCfg = Debug|Any CPU
		{FD3570FD-0C4D-E849-8AEC-94836F7C2C6E}.Debug|Any CPU.Build.0 = Debug|Any CPU
		{FD3570FD-0C4D-E849-8AEC-94836F7C2C6E}.Release|Any CPU.ActiveCfg = Release|Any CPU
		{FD3570FD-0C4D-E849-8AEC-94836F7C2C6E}.Release|Any CPU.Build.0 = Release|Any CPU
		{D3553717-852E-17F2-6348-82D1E385BEDE}.Debug|Any CPU.ActiveCfg = Debug|Any CPU
		{D3553717-852E-17F2-6348-82D1E385BEDE}.Debug|Any CPU.Build.0 = Debug|Any CPU
		{D3553717-852E-17F2-6348-82D1E385BEDE}.Release|Any CPU.ActiveCfg = Release|Any CPU
		{D3553717-852E-17F2-6348-82D1E385BEDE}.Release|Any CPU.Build.0 = Release|Any CPU
		{92ADA2A4-E8B2-E096-FEC0-8493C9FD2F6A}.Debug|Any CPU.ActiveCfg = Debug|Any CPU
		{92ADA2A4-E8B2-E096-FEC0-8493C9FD2F6A}.Debug|Any CPU.Build.0 = Debug|Any CPU
		{92ADA2A4-E8B2-E096-FEC0-8493C9FD2F6A}.Release|Any CPU.ActiveCfg = Release|Any CPU
		{92ADA2A4-E8B2-E096-FEC0-8493C9FD2F6A}.Release|Any CPU.Build.0 = Release|Any CPU
		{C1C34720-6213-D3C9-62A4-CB1342E57F73}.Debug|Any CPU.ActiveCfg = Debug|Any CPU
		{C1C34720-6213-D3C9-62A4-CB1342E57F73}.Debug|Any CPU.Build.0 = Debug|Any CPU
		{C1C34720-6213-D3C9-62A4-CB1342E57F73}.Release|Any CPU.ActiveCfg = Release|Any CPU
		{C1C34720-6213-D3C9-62A4-CB1342E57F73}.Release|Any CPU.Build.0 = Release|Any CPU
		{7EBCA370-1189-C08D-8FA4-460D39FA51C9}.Debug|Any CPU.ActiveCfg = Debug|Any CPU
		{7EBCA370-1189-C08D-8FA4-460D39FA51C9}.Debug|Any CPU.Build.0 = Debug|Any CPU
		{7EBCA370-1189-C08D-8FA4-460D39FA51C9}.Release|Any CPU.ActiveCfg = Release|Any CPU
		{7EBCA370-1189-C08D-8FA4-460D39FA51C9}.Release|Any CPU.Build.0 = Release|Any CPU
		{C7750AD2-BC36-773D-62C2-318695C0B078}.Debug|Any CPU.ActiveCfg = Debug|Any CPU
		{C7750AD2-BC36-773D-62C2-318695C0B078}.Debug|Any CPU.Build.0 = Debug|Any CPU
		{C7750AD2-BC36-773D-62C2-318695C0B078}.Release|Any CPU.ActiveCfg = Release|Any CPU
		{C7750AD2-BC36-773D-62C2-318695C0B078}.Release|Any CPU.Build.0 = Release|Any CPU
		{A5B04F40-0A00-6DFD-3FE2-504393E15B36}.Debug|Any CPU.ActiveCfg = Debug|Any CPU
		{A5B04F40-0A00-6DFD-3FE2-504393E15B36}.Debug|Any CPU.Build.0 = Debug|Any CPU
		{A5B04F40-0A00-6DFD-3FE2-504393E15B36}.Release|Any CPU.ActiveCfg = Release|Any CPU
		{A5B04F40-0A00-6DFD-3FE2-504393E15B36}.Release|Any CPU.Build.0 = Release|Any CPU
		{4DFC36BD-E971-0EAA-CFDF-ACF612DDD602}.Debug|Any CPU.ActiveCfg = Debug|Any CPU
		{4DFC36BD-E971-0EAA-CFDF-ACF612DDD602}.Debug|Any CPU.Build.0 = Debug|Any CPU
		{4DFC36BD-E971-0EAA-CFDF-ACF612DDD602}.Release|Any CPU.ActiveCfg = Release|Any CPU
		{4DFC36BD-E971-0EAA-CFDF-ACF612DDD602}.Release|Any CPU.Build.0 = Release|Any CPU
		{18AD3683-735A-3970-3B87-A7DDDB24F1A3}.Debug|Any CPU.ActiveCfg = Debug|Any CPU
		{18AD3683-735A-3970-3B87-A7DDDB24F1A3}.Debug|Any CPU.Build.0 = Debug|Any CPU
		{18AD3683-735A-3970-3B87-A7DDDB24F1A3}.Release|Any CPU.ActiveCfg = Release|Any CPU
		{18AD3683-735A-3970-3B87-A7DDDB24F1A3}.Release|Any CPU.Build.0 = Release|Any CPU
		{E04826DB-073E-D661-B1EF-20CC84AB8334}.Debug|Any CPU.ActiveCfg = Debug|Any CPU
		{E04826DB-073E-D661-B1EF-20CC84AB8334}.Debug|Any CPU.Build.0 = Debug|Any CPU
		{E04826DB-073E-D661-B1EF-20CC84AB8334}.Release|Any CPU.ActiveCfg = Release|Any CPU
		{E04826DB-073E-D661-B1EF-20CC84AB8334}.Release|Any CPU.Build.0 = Release|Any CPU
		{4AEB9645-129D-C035-08E8-EAC964D42F57}.Debug|Any CPU.ActiveCfg = Debug|Any CPU
		{4AEB9645-129D-C035-08E8-EAC964D42F57}.Debug|Any CPU.Build.0 = Debug|Any CPU
		{4AEB9645-129D-C035-08E8-EAC964D42F57}.Release|Any CPU.ActiveCfg = Release|Any CPU
		{4AEB9645-129D-C035-08E8-EAC964D42F57}.Release|Any CPU.Build.0 = Release|Any CPU
		{94B8695B-4B5C-3647-1BD7-9C28A77B4E2B}.Debug|Any CPU.ActiveCfg = Debug|Any CPU
		{94B8695B-4B5C-3647-1BD7-9C28A77B4E2B}.Debug|Any CPU.Build.0 = Debug|Any CPU
		{94B8695B-4B5C-3647-1BD7-9C28A77B4E2B}.Release|Any CPU.ActiveCfg = Release|Any CPU
		{94B8695B-4B5C-3647-1BD7-9C28A77B4E2B}.Release|Any CPU.Build.0 = Release|Any CPU
		{7E1B6A22-9A09-E021-7B47-50AEE971FAE8}.Debug|Any CPU.ActiveCfg = Debug|Any CPU
		{7E1B6A22-9A09-E021-7B47-50AEE971FAE8}.Debug|Any CPU.Build.0 = Debug|Any CPU
		{7E1B6A22-9A09-E021-7B47-50AEE971FAE8}.Release|Any CPU.ActiveCfg = Release|Any CPU
		{7E1B6A22-9A09-E021-7B47-50AEE971FAE8}.Release|Any CPU.Build.0 = Release|Any CPU
		{5BF7C474-3797-A724-D6FC-66938F06720A}.Debug|Any CPU.ActiveCfg = Debug|Any CPU
		{5BF7C474-3797-A724-D6FC-66938F06720A}.Debug|Any CPU.Build.0 = Debug|Any CPU
		{5BF7C474-3797-A724-D6FC-66938F06720A}.Release|Any CPU.ActiveCfg = Release|Any CPU
		{5BF7C474-3797-A724-D6FC-66938F06720A}.Release|Any CPU.Build.0 = Release|Any CPU
		{9AE8A139-BEBB-FBDB-D9FF-0BA97661A303}.Debug|Any CPU.ActiveCfg = Debug|Any CPU
		{9AE8A139-BEBB-FBDB-D9FF-0BA97661A303}.Debug|Any CPU.Build.0 = Debug|Any CPU
		{9AE8A139-BEBB-FBDB-D9FF-0BA97661A303}.Release|Any CPU.ActiveCfg = Release|Any CPU
		{9AE8A139-BEBB-FBDB-D9FF-0BA97661A303}.Release|Any CPU.Build.0 = Release|Any CPU
		{F0874973-734E-EF4A-BCB5-4F7BB162C6FA}.Debug|Any CPU.ActiveCfg = Debug|Any CPU
		{F0874973-734E-EF4A-BCB5-4F7BB162C6FA}.Debug|Any CPU.Build.0 = Debug|Any CPU
		{F0874973-734E-EF4A-BCB5-4F7BB162C6FA}.Release|Any CPU.ActiveCfg = Release|Any CPU
		{F0874973-734E-EF4A-BCB5-4F7BB162C6FA}.Release|Any CPU.Build.0 = Release|Any CPU
		{34367A61-4C81-CC91-6E98-63719BDE5F72}.Debug|Any CPU.ActiveCfg = Debug|Any CPU
		{34367A61-4C81-CC91-6E98-63719BDE5F72}.Debug|Any CPU.Build.0 = Debug|Any CPU
		{34367A61-4C81-CC91-6E98-63719BDE5F72}.Release|Any CPU.ActiveCfg = Release|Any CPU
		{34367A61-4C81-CC91-6E98-63719BDE5F72}.Release|Any CPU.Build.0 = Release|Any CPU
		{F9F6F4AA-8859-CA32-0D97-766126F22FBD}.Debug|Any CPU.ActiveCfg = Debug|Any CPU
		{F9F6F4AA-8859-CA32-0D97-766126F22FBD}.Debug|Any CPU.Build.0 = Debug|Any CPU
		{F9F6F4AA-8859-CA32-0D97-766126F22FBD}.Release|Any CPU.ActiveCfg = Release|Any CPU
		{F9F6F4AA-8859-CA32-0D97-766126F22FBD}.Release|Any CPU.Build.0 = Release|Any CPU
		{F0757644-7C5C-7F13-4B61-C7F35C715D2A}.Debug|Any CPU.ActiveCfg = Debug|Any CPU
		{F0757644-7C5C-7F13-4B61-C7F35C715D2A}.Debug|Any CPU.Build.0 = Debug|Any CPU
		{F0757644-7C5C-7F13-4B61-C7F35C715D2A}.Release|Any CPU.ActiveCfg = Release|Any CPU
		{F0757644-7C5C-7F13-4B61-C7F35C715D2A}.Release|Any CPU.Build.0 = Release|Any CPU
		{0BB9E7E2-A008-12E7-627F-4926E485F2BF}.Debug|Any CPU.ActiveCfg = Debug|Any CPU
		{0BB9E7E2-A008-12E7-627F-4926E485F2BF}.Debug|Any CPU.Build.0 = Debug|Any CPU
		{0BB9E7E2-A008-12E7-627F-4926E485F2BF}.Release|Any CPU.ActiveCfg = Release|Any CPU
		{0BB9E7E2-A008-12E7-627F-4926E485F2BF}.Release|Any CPU.Build.0 = Release|Any CPU
		{E0B02C9C-39E9-20A2-5479-648B6457FCA6}.Debug|Any CPU.ActiveCfg = Debug|Any CPU
		{E0B02C9C-39E9-20A2-5479-648B6457FCA6}.Debug|Any CPU.Build.0 = Debug|Any CPU
		{E0B02C9C-39E9-20A2-5479-648B6457FCA6}.Release|Any CPU.ActiveCfg = Release|Any CPU
		{E0B02C9C-39E9-20A2-5479-648B6457FCA6}.Release|Any CPU.Build.0 = Release|Any CPU
		{946E16B5-AD3D-3AD0-4563-33C1060C102D}.Debug|Any CPU.ActiveCfg = Debug|Any CPU
		{946E16B5-AD3D-3AD0-4563-33C1060C102D}.Debug|Any CPU.Build.0 = Debug|Any CPU
		{946E16B5-AD3D-3AD0-4563-33C1060C102D}.Release|Any CPU.ActiveCfg = Release|Any CPU
		{946E16B5-AD3D-3AD0-4563-33C1060C102D}.Release|Any CPU.Build.0 = Release|Any CPU
		{6441094A-9A06-9300-ADF6-0D74BAF97CB9}.Debug|Any CPU.ActiveCfg = Debug|Any CPU
		{6441094A-9A06-9300-ADF6-0D74BAF97CB9}.Debug|Any CPU.Build.0 = Debug|Any CPU
		{6441094A-9A06-9300-ADF6-0D74BAF97CB9}.Release|Any CPU.ActiveCfg = Release|Any CPU
		{6441094A-9A06-9300-ADF6-0D74BAF97CB9}.Release|Any CPU.Build.0 = Release|Any CPU
		{1AEF00E7-F316-7224-759F-E15A417FBFA6}.Debug|Any CPU.ActiveCfg = Debug|Any CPU
		{1AEF00E7-F316-7224-759F-E15A417FBFA6}.Debug|Any CPU.Build.0 = Debug|Any CPU
		{1AEF00E7-F316-7224-759F-E15A417FBFA6}.Release|Any CPU.ActiveCfg = Release|Any CPU
		{1AEF00E7-F316-7224-759F-E15A417FBFA6}.Release|Any CPU.Build.0 = Release|Any CPU
		{AB769B4C-C2A5-C9EA-171D-C453A601B032}.Debug|Any CPU.ActiveCfg = Debug|Any CPU
		{AB769B4C-C2A5-C9EA-171D-C453A601B032}.Debug|Any CPU.Build.0 = Debug|Any CPU
		{AB769B4C-C2A5-C9EA-171D-C453A601B032}.Release|Any CPU.ActiveCfg = Release|Any CPU
		{AB769B4C-C2A5-C9EA-171D-C453A601B032}.Release|Any CPU.Build.0 = Release|Any CPU
		{FA40F7D5-A8BB-D024-BF23-7C9DDED9A834}.Debug|Any CPU.ActiveCfg = Debug|Any CPU
		{FA40F7D5-A8BB-D024-BF23-7C9DDED9A834}.Debug|Any CPU.Build.0 = Debug|Any CPU
		{FA40F7D5-A8BB-D024-BF23-7C9DDED9A834}.Release|Any CPU.ActiveCfg = Release|Any CPU
		{FA40F7D5-A8BB-D024-BF23-7C9DDED9A834}.Release|Any CPU.Build.0 = Release|Any CPU
		{545FDF28-A817-4C47-3F32-09D5C03324FB}.Debug|Any CPU.ActiveCfg = Debug|Any CPU
		{545FDF28-A817-4C47-3F32-09D5C03324FB}.Debug|Any CPU.Build.0 = Debug|Any CPU
		{545FDF28-A817-4C47-3F32-09D5C03324FB}.Release|Any CPU.ActiveCfg = Release|Any CPU
		{545FDF28-A817-4C47-3F32-09D5C03324FB}.Release|Any CPU.Build.0 = Release|Any CPU
		{92C86E4B-AD2E-3C09-8021-EB5F274A6FA4}.Debug|Any CPU.ActiveCfg = Debug|Any CPU
		{92C86E4B-AD2E-3C09-8021-EB5F274A6FA4}.Debug|Any CPU.Build.0 = Debug|Any CPU
		{92C86E4B-AD2E-3C09-8021-EB5F274A6FA4}.Release|Any CPU.ActiveCfg = Release|Any CPU
		{92C86E4B-AD2E-3C09-8021-EB5F274A6FA4}.Release|Any CPU.Build.0 = Release|Any CPU
		{75A6E218-3E42-78A1-2E10-8FB8304ADE5A}.Debug|Any CPU.ActiveCfg = Debug|Any CPU
		{75A6E218-3E42-78A1-2E10-8FB8304ADE5A}.Debug|Any CPU.Build.0 = Debug|Any CPU
		{75A6E218-3E42-78A1-2E10-8FB8304ADE5A}.Release|Any CPU.ActiveCfg = Release|Any CPU
		{75A6E218-3E42-78A1-2E10-8FB8304ADE5A}.Release|Any CPU.Build.0 = Release|Any CPU
		{9F2E90F2-3226-DA4F-55EC-CF63236DB27A}.Debug|Any CPU.ActiveCfg = Debug|Any CPU
		{9F2E90F2-3226-DA4F-55EC-CF63236DB27A}.Debug|Any CPU.Build.0 = Debug|Any CPU
		{9F2E90F2-3226-DA4F-55EC-CF63236DB27A}.Release|Any CPU.ActiveCfg = Release|Any CPU
		{9F2E90F2-3226-DA4F-55EC-CF63236DB27A}.Release|Any CPU.Build.0 = Release|Any CPU
		{4F19483D-9A8E-5C19-B1F6-5D466A5228C8}.Debug|Any CPU.ActiveCfg = Debug|Any CPU
		{4F19483D-9A8E-5C19-B1F6-5D466A5228C8}.Debug|Any CPU.Build.0 = Debug|Any CPU
		{4F19483D-9A8E-5C19-B1F6-5D466A5228C8}.Release|Any CPU.ActiveCfg = Release|Any CPU
		{4F19483D-9A8E-5C19-B1F6-5D466A5228C8}.Release|Any CPU.Build.0 = Release|Any CPU
		{007D4DDC-1E8A-DEB9-BEAC-C20CCCD61155}.Debug|Any CPU.ActiveCfg = Debug|Any CPU
		{007D4DDC-1E8A-DEB9-BEAC-C20CCCD61155}.Debug|Any CPU.Build.0 = Debug|Any CPU
		{007D4DDC-1E8A-DEB9-BEAC-C20CCCD61155}.Release|Any CPU.ActiveCfg = Release|Any CPU
		{007D4DDC-1E8A-DEB9-BEAC-C20CCCD61155}.Release|Any CPU.Build.0 = Release|Any CPU
		{A90C5001-1654-8D1C-0FE5-65E49CDC8F6A}.Debug|Any CPU.ActiveCfg = Debug|Any CPU
		{A90C5001-1654-8D1C-0FE5-65E49CDC8F6A}.Debug|Any CPU.Build.0 = Debug|Any CPU
		{A90C5001-1654-8D1C-0FE5-65E49CDC8F6A}.Release|Any CPU.ActiveCfg = Release|Any CPU
		{A90C5001-1654-8D1C-0FE5-65E49CDC8F6A}.Release|Any CPU.Build.0 = Release|Any CPU
		{DFED3B37-A2F0-394D-9480-C4B9FC91E7BE}.Debug|Any CPU.ActiveCfg = Debug|Any CPU
		{DFED3B37-A2F0-394D-9480-C4B9FC91E7BE}.Debug|Any CPU.Build.0 = Debug|Any CPU
		{DFED3B37-A2F0-394D-9480-C4B9FC91E7BE}.Release|Any CPU.ActiveCfg = Release|Any CPU
		{DFED3B37-A2F0-394D-9480-C4B9FC91E7BE}.Release|Any CPU.Build.0 = Release|Any CPU
		{BFD08D08-088A-C02F-6B15-D88341B1EC25}.Debug|Any CPU.ActiveCfg = Debug|Any CPU
		{BFD08D08-088A-C02F-6B15-D88341B1EC25}.Debug|Any CPU.Build.0 = Debug|Any CPU
		{BFD08D08-088A-C02F-6B15-D88341B1EC25}.Release|Any CPU.ActiveCfg = Release|Any CPU
		{BFD08D08-088A-C02F-6B15-D88341B1EC25}.Release|Any CPU.Build.0 = Release|Any CPU
		{097B2E66-BD50-DADE-1291-7AC17482072E}.Debug|Any CPU.ActiveCfg = Debug|Any CPU
		{097B2E66-BD50-DADE-1291-7AC17482072E}.Debug|Any CPU.Build.0 = Debug|Any CPU
		{097B2E66-BD50-DADE-1291-7AC17482072E}.Release|Any CPU.ActiveCfg = Release|Any CPU
		{097B2E66-BD50-DADE-1291-7AC17482072E}.Release|Any CPU.Build.0 = Release|Any CPU
		{28D95686-5CC1-F144-F787-9D909F8E6CA4}.Debug|Any CPU.ActiveCfg = Debug|Any CPU
		{28D95686-5CC1-F144-F787-9D909F8E6CA4}.Debug|Any CPU.Build.0 = Debug|Any CPU
		{28D95686-5CC1-F144-F787-9D909F8E6CA4}.Release|Any CPU.ActiveCfg = Release|Any CPU
		{28D95686-5CC1-F144-F787-9D909F8E6CA4}.Release|Any CPU.Build.0 = Release|Any CPU
		{C5A53FE0-5CAF-2576-F5CF-354D54C2AB40}.Debug|Any CPU.ActiveCfg = Debug|Any CPU
		{C5A53FE0-5CAF-2576-F5CF-354D54C2AB40}.Debug|Any CPU.Build.0 = Debug|Any CPU
		{C5A53FE0-5CAF-2576-F5CF-354D54C2AB40}.Release|Any CPU.ActiveCfg = Release|Any CPU
		{C5A53FE0-5CAF-2576-F5CF-354D54C2AB40}.Release|Any CPU.Build.0 = Release|Any CPU
		{FE66B845-7511-AAD0-EEE5-9C947148F6EB}.Debug|Any CPU.ActiveCfg = Debug|Any CPU
		{FE66B845-7511-AAD0-EEE5-9C947148F6EB}.Debug|Any CPU.Build.0 = Debug|Any CPU
		{FE66B845-7511-AAD0-EEE5-9C947148F6EB}.Release|Any CPU.ActiveCfg = Release|Any CPU
		{FE66B845-7511-AAD0-EEE5-9C947148F6EB}.Release|Any CPU.Build.0 = Release|Any CPU
		{E8DCD003-A25F-0A1B-D132-7E316AF79C43}.Debug|Any CPU.ActiveCfg = Debug|Any CPU
		{E8DCD003-A25F-0A1B-D132-7E316AF79C43}.Debug|Any CPU.Build.0 = Debug|Any CPU
		{E8DCD003-A25F-0A1B-D132-7E316AF79C43}.Release|Any CPU.ActiveCfg = Release|Any CPU
		{E8DCD003-A25F-0A1B-D132-7E316AF79C43}.Release|Any CPU.Build.0 = Release|Any CPU
		{15B10477-5781-D495-E169-8616C04E3BD6}.Debug|Any CPU.ActiveCfg = Debug|Any CPU
		{15B10477-5781-D495-E169-8616C04E3BD6}.Debug|Any CPU.Build.0 = Debug|Any CPU
		{15B10477-5781-D495-E169-8616C04E3BD6}.Release|Any CPU.ActiveCfg = Release|Any CPU
		{15B10477-5781-D495-E169-8616C04E3BD6}.Release|Any CPU.Build.0 = Release|Any CPU
		{9BDB2C57-132F-9DF4-F388-4D4F16946C45}.Debug|Any CPU.ActiveCfg = Debug|Any CPU
		{9BDB2C57-132F-9DF4-F388-4D4F16946C45}.Debug|Any CPU.Build.0 = Debug|Any CPU
		{9BDB2C57-132F-9DF4-F388-4D4F16946C45}.Release|Any CPU.ActiveCfg = Release|Any CPU
		{9BDB2C57-132F-9DF4-F388-4D4F16946C45}.Release|Any CPU.Build.0 = Release|Any CPU
		{4DE10299-2AF6-F91F-EFBD-27F216DAC388}.Debug|Any CPU.ActiveCfg = Debug|Any CPU
		{4DE10299-2AF6-F91F-EFBD-27F216DAC388}.Debug|Any CPU.Build.0 = Debug|Any CPU
		{4DE10299-2AF6-F91F-EFBD-27F216DAC388}.Release|Any CPU.ActiveCfg = Release|Any CPU
		{4DE10299-2AF6-F91F-EFBD-27F216DAC388}.Release|Any CPU.Build.0 = Release|Any CPU
		{4A463149-017B-BD79-C809-B2090576E28A}.Debug|Any CPU.ActiveCfg = Debug|Any CPU
		{4A463149-017B-BD79-C809-B2090576E28A}.Debug|Any CPU.Build.0 = Debug|Any CPU
		{4A463149-017B-BD79-C809-B2090576E28A}.Release|Any CPU.ActiveCfg = Release|Any CPU
		{4A463149-017B-BD79-C809-B2090576E28A}.Release|Any CPU.Build.0 = Release|Any CPU
		{DBD44274-9CAB-D289-0537-473A3EDDD1E7}.Debug|Any CPU.ActiveCfg = Debug|Any CPU
		{DBD44274-9CAB-D289-0537-473A3EDDD1E7}.Debug|Any CPU.Build.0 = Debug|Any CPU
		{DBD44274-9CAB-D289-0537-473A3EDDD1E7}.Release|Any CPU.ActiveCfg = Release|Any CPU
		{DBD44274-9CAB-D289-0537-473A3EDDD1E7}.Release|Any CPU.Build.0 = Release|Any CPU
		{43704886-C899-5CF0-CB20-3948A9CE39B8}.Debug|Any CPU.ActiveCfg = Debug|Any CPU
		{43704886-C899-5CF0-CB20-3948A9CE39B8}.Debug|Any CPU.Build.0 = Debug|Any CPU
		{43704886-C899-5CF0-CB20-3948A9CE39B8}.Release|Any CPU.ActiveCfg = Release|Any CPU
		{43704886-C899-5CF0-CB20-3948A9CE39B8}.Release|Any CPU.Build.0 = Release|Any CPU
		{69895BA7-EB80-09B5-1FD5-37520297AD21}.Debug|Any CPU.ActiveCfg = Debug|Any CPU
		{69895BA7-EB80-09B5-1FD5-37520297AD21}.Debug|Any CPU.Build.0 = Debug|Any CPU
		{69895BA7-EB80-09B5-1FD5-37520297AD21}.Release|Any CPU.ActiveCfg = Release|Any CPU
		{69895BA7-EB80-09B5-1FD5-37520297AD21}.Release|Any CPU.Build.0 = Release|Any CPU
		{D24CBB3E-B9BC-EE22-A343-91B3686272E8}.Debug|Any CPU.ActiveCfg = Debug|Any CPU
		{D24CBB3E-B9BC-EE22-A343-91B3686272E8}.Debug|Any CPU.Build.0 = Debug|Any CPU
		{D24CBB3E-B9BC-EE22-A343-91B3686272E8}.Release|Any CPU.ActiveCfg = Release|Any CPU
		{D24CBB3E-B9BC-EE22-A343-91B3686272E8}.Release|Any CPU.Build.0 = Release|Any CPU
		{7746B863-3756-1F33-09E7-40332C326814}.Debug|Any CPU.ActiveCfg = Debug|Any CPU
		{7746B863-3756-1F33-09E7-40332C326814}.Debug|Any CPU.Build.0 = Debug|Any CPU
		{7746B863-3756-1F33-09E7-40332C326814}.Release|Any CPU.ActiveCfg = Release|Any CPU
		{7746B863-3756-1F33-09E7-40332C326814}.Release|Any CPU.Build.0 = Release|Any CPU
		{440575A4-93A1-2931-D9CA-20D2C61B02F1}.Debug|Any CPU.ActiveCfg = Debug|Any CPU
		{440575A4-93A1-2931-D9CA-20D2C61B02F1}.Debug|Any CPU.Build.0 = Debug|Any CPU
		{440575A4-93A1-2931-D9CA-20D2C61B02F1}.Release|Any CPU.ActiveCfg = Release|Any CPU
		{440575A4-93A1-2931-D9CA-20D2C61B02F1}.Release|Any CPU.Build.0 = Release|Any CPU
		{FBF8467A-E937-39EA-13DC-86158B115A69}.Debug|Any CPU.ActiveCfg = Debug|Any CPU
		{FBF8467A-E937-39EA-13DC-86158B115A69}.Debug|Any CPU.Build.0 = Debug|Any CPU
		{FBF8467A-E937-39EA-13DC-86158B115A69}.Release|Any CPU.ActiveCfg = Release|Any CPU
		{FBF8467A-E937-39EA-13DC-86158B115A69}.Release|Any CPU.Build.0 = Release|Any CPU
		{C8668F62-D35E-F521-7ED0-D32C5BF38C95}.Debug|Any CPU.ActiveCfg = Debug|Any CPU
		{C8668F62-D35E-F521-7ED0-D32C5BF38C95}.Debug|Any CPU.Build.0 = Debug|Any CPU
		{C8668F62-D35E-F521-7ED0-D32C5BF38C95}.Release|Any CPU.ActiveCfg = Release|Any CPU
		{C8668F62-D35E-F521-7ED0-D32C5BF38C95}.Release|Any CPU.Build.0 = Release|Any CPU
		{2BCED86E-1054-8AC6-B86C-5C4193987CAE}.Debug|Any CPU.ActiveCfg = Debug|Any CPU
		{2BCED86E-1054-8AC6-B86C-5C4193987CAE}.Debug|Any CPU.Build.0 = Debug|Any CPU
		{2BCED86E-1054-8AC6-B86C-5C4193987CAE}.Release|Any CPU.ActiveCfg = Release|Any CPU
		{2BCED86E-1054-8AC6-B86C-5C4193987CAE}.Release|Any CPU.Build.0 = Release|Any CPU
		{C3F19A06-B128-AF7F-C96A-D94AE083B4D3}.Debug|Any CPU.ActiveCfg = Debug|Any CPU
		{C3F19A06-B128-AF7F-C96A-D94AE083B4D3}.Debug|Any CPU.Build.0 = Debug|Any CPU
		{C3F19A06-B128-AF7F-C96A-D94AE083B4D3}.Release|Any CPU.ActiveCfg = Release|Any CPU
		{C3F19A06-B128-AF7F-C96A-D94AE083B4D3}.Release|Any CPU.Build.0 = Release|Any CPU
		{367B6D66-DF31-2FCB-AD3B-6F020E9D0481}.Debug|Any CPU.ActiveCfg = Debug|Any CPU
		{367B6D66-DF31-2FCB-AD3B-6F020E9D0481}.Debug|Any CPU.Build.0 = Debug|Any CPU
		{367B6D66-DF31-2FCB-AD3B-6F020E9D0481}.Release|Any CPU.ActiveCfg = Release|Any CPU
		{367B6D66-DF31-2FCB-AD3B-6F020E9D0481}.Release|Any CPU.Build.0 = Release|Any CPU
		{B31791C4-601B-2771-19BE-4229264CDF8B}.Debug|Any CPU.ActiveCfg = Debug|Any CPU
		{B31791C4-601B-2771-19BE-4229264CDF8B}.Debug|Any CPU.Build.0 = Debug|Any CPU
		{B31791C4-601B-2771-19BE-4229264CDF8B}.Release|Any CPU.ActiveCfg = Release|Any CPU
		{B31791C4-601B-2771-19BE-4229264CDF8B}.Release|Any CPU.Build.0 = Release|Any CPU
		{AC86CFA8-2E1C-F1F9-7AC5-09AB246C9AD6}.Debug|Any CPU.ActiveCfg = Debug|Any CPU
		{AC86CFA8-2E1C-F1F9-7AC5-09AB246C9AD6}.Debug|Any CPU.Build.0 = Debug|Any CPU
		{AC86CFA8-2E1C-F1F9-7AC5-09AB246C9AD6}.Release|Any CPU.ActiveCfg = Release|Any CPU
		{AC86CFA8-2E1C-F1F9-7AC5-09AB246C9AD6}.Release|Any CPU.Build.0 = Release|Any CPU
		{01415D2D-089B-D218-91DD-32737E06C978}.Debug|Any CPU.ActiveCfg = Debug|Any CPU
		{01415D2D-089B-D218-91DD-32737E06C978}.Debug|Any CPU.Build.0 = Debug|Any CPU
		{01415D2D-089B-D218-91DD-32737E06C978}.Release|Any CPU.ActiveCfg = Release|Any CPU
		{01415D2D-089B-D218-91DD-32737E06C978}.Release|Any CPU.Build.0 = Release|Any CPU
		{8B002734-EA7F-C0AD-1245-9C51C40E9A64}.Debug|Any CPU.ActiveCfg = Debug|Any CPU
		{8B002734-EA7F-C0AD-1245-9C51C40E9A64}.Debug|Any CPU.Build.0 = Debug|Any CPU
		{8B002734-EA7F-C0AD-1245-9C51C40E9A64}.Release|Any CPU.ActiveCfg = Release|Any CPU
		{8B002734-EA7F-C0AD-1245-9C51C40E9A64}.Release|Any CPU.Build.0 = Release|Any CPU
		{1F8D2024-EE5B-7B7A-489D-6F98F6437272}.Debug|Any CPU.ActiveCfg = Debug|Any CPU
		{1F8D2024-EE5B-7B7A-489D-6F98F6437272}.Debug|Any CPU.Build.0 = Debug|Any CPU
		{1F8D2024-EE5B-7B7A-489D-6F98F6437272}.Release|Any CPU.ActiveCfg = Release|Any CPU
		{1F8D2024-EE5B-7B7A-489D-6F98F6437272}.Release|Any CPU.Build.0 = Release|Any CPU
		{5B71C860-E298-C4B2-B254-7C67EFE45E0D}.Debug|Any CPU.ActiveCfg = Debug|Any CPU
		{5B71C860-E298-C4B2-B254-7C67EFE45E0D}.Debug|Any CPU.Build.0 = Debug|Any CPU
		{5B71C860-E298-C4B2-B254-7C67EFE45E0D}.Release|Any CPU.ActiveCfg = Release|Any CPU
		{5B71C860-E298-C4B2-B254-7C67EFE45E0D}.Release|Any CPU.Build.0 = Release|Any CPU
		{0119B583-B4BD-2925-B823-A382833D4DE0}.Debug|Any CPU.ActiveCfg = Debug|Any CPU
		{0119B583-B4BD-2925-B823-A382833D4DE0}.Debug|Any CPU.Build.0 = Debug|Any CPU
		{0119B583-B4BD-2925-B823-A382833D4DE0}.Release|Any CPU.ActiveCfg = Release|Any CPU
		{0119B583-B4BD-2925-B823-A382833D4DE0}.Release|Any CPU.Build.0 = Release|Any CPU
	EndGlobalSection
	GlobalSection(SolutionProperties) = preSolution
		HideSolutionNode = FALSE
	EndGlobalSection
EndGlobal
